// !$*UTF8*$!
{
	archiveVersion = 1;
	classes = {
	};
	objectVersion = 46;
	objects = {
/* Begin PBXBuildFile section */
		0207DA581B56EA530066E2B4 /* Images.xcassets in Resources */ = {isa = PBXBuildFile; fileRef = 0207DA571B56EA530066E2B4 /* Images.xcassets */; };
		1D3623260D0F684500981E51 /* AppDelegate.m in Sources */ = {isa = PBXBuildFile; fileRef = 1D3623250D0F684500981E51 /* AppDelegate.m */; };
		1D60589B0D05DD56006BFB54 /* main.m in Sources */ = {isa = PBXBuildFile; fileRef = 29B97316FDCFA39411CA2CEA /* main.m */; };
		301BF552109A68D80062928A /* libCordova.a in Frameworks */ = {isa = PBXBuildFile; fileRef = 301BF535109A57CC0062928A /* libCordova.a */; };
		302D95F114D2391D003F00A1 /* MainViewController.m in Sources */ = {isa = PBXBuildFile; fileRef = 302D95EF14D2391D003F00A1 /* MainViewController.m */; };
		302D95F214D2391D003F00A1 /* MainViewController.xib in Resources */ = {isa = PBXBuildFile; fileRef = 302D95F014D2391D003F00A1 /* MainViewController.xib */; };
		3047A5121AB8059700498E2A /* build-debug.xcconfig in Resources */ = {isa = PBXBuildFile; fileRef = 3047A50F1AB8059700498E2A /* build-debug.xcconfig */; };
		3047A5131AB8059700498E2A /* build-release.xcconfig in Resources */ = {isa = PBXBuildFile; fileRef = 3047A5101AB8059700498E2A /* build-release.xcconfig */; };
		3047A5141AB8059700498E2A /* build.xcconfig in Resources */ = {isa = PBXBuildFile; fileRef = 3047A5111AB8059700498E2A /* build.xcconfig */; };
		6AFF5BF91D6E424B00AB3073 /* CDVLaunchScreen.storyboard in Resources */ = {isa = PBXBuildFile; fileRef = 6AFF5BF81D6E424B00AB3073 /* CDVLaunchScreen.storyboard */; };
		541CA9579C8049D6835A2D7D /* HCPPlugin.m in Sources */ = {isa = PBXBuildFile; fileRef = 270E6FD4E6CE427CA83BE3F5 /* HCPPlugin.m */; };
		D788DCC839574BD79545E441 /* HCPApplicationConfig.m in Sources */ = {isa = PBXBuildFile; fileRef = DFA63C2E2FD94B97844895B5 /* HCPApplicationConfig.m */; };
		1CBB0834FA504234B2324F32 /* HCPContentConfig.m in Sources */ = {isa = PBXBuildFile; fileRef = 795C0CA054AB407983E68E02 /* HCPContentConfig.m */; };
		018E69064ECF439D9460516D /* HCPContentManifest.m in Sources */ = {isa = PBXBuildFile; fileRef = 6F05B53FD2444CC09024A253 /* HCPContentManifest.m */; };
		25F2D44B780640E0A6875C8F /* HCPPluginInternalPreferences.m in Sources */ = {isa = PBXBuildFile; fileRef = AA1D630CDD134BB883A78792 /* HCPPluginInternalPreferences.m */; };
		12504383632446F0B92C48A5 /* HCPXmlConfig.m in Sources */ = {isa = PBXBuildFile; fileRef = 679C40DCE8CF434C9D514697 /* HCPXmlConfig.m */; };
		6C101EF3B8EA47C38012A0F4 /* HCPXmlTags.m in Sources */ = {isa = PBXBuildFile; fileRef = 37293D4F11434E71982C4D2C /* HCPXmlTags.m */; };
		7B9F23FF829B4BA9A0504803 /* HCPXmlConfigParser.m in Sources */ = {isa = PBXBuildFile; fileRef = 04FF6DCAFC9145A2BF383AB3 /* HCPXmlConfigParser.m */; };
		6341CAB7109E46EC88FC4122 /* HCPEvents.m in Sources */ = {isa = PBXBuildFile; fileRef = 79DF76FF7F9142C8B195B0D3 /* HCPEvents.m */; };
		63C995F0C3DC4D8FAC3C7CF6 /* CDVPluginResult+HCPEvents.m in Sources */ = {isa = PBXBuildFile; fileRef = 9BE5D9AC7400407BB3A9FF1F /* CDVPluginResult+HCPEvents.m */; };
		AB9B04143C5C4F65AEE56F32 /* HCPFilesStructure.m in Sources */ = {isa = PBXBuildFile; fileRef = 3C25E5BBF66243EAA426D0A0 /* HCPFilesStructure.m */; };
		B3CB570BA7034EAF8B1EFCBC /* HCPManifestDiff.m in Sources */ = {isa = PBXBuildFile; fileRef = 548F04015E6D40969A4CCCE0 /* HCPManifestDiff.m */; };
		1D84597C2006470E9EDAEAA9 /* HCPManifestFile.m in Sources */ = {isa = PBXBuildFile; fileRef = 3A3BA6D5A54B416DBFE02C11 /* HCPManifestFile.m */; };
		ABD698129A6046D38AE19743 /* HCPFileDownloader.m in Sources */ = {isa = PBXBuildFile; fileRef = 98F32AA7DC0242649702E3BF /* HCPFileDownloader.m */; };
		DE2FE132C6DA4A49AE9039B4 /* HCPDataDownloader.m in Sources */ = {isa = PBXBuildFile; fileRef = 35715B03768A4A9C9CE1AE84 /* HCPDataDownloader.m */; };
		35AF86CF6932490793964856 /* HCPApplicationConfigStorage.m in Sources */ = {isa = PBXBuildFile; fileRef = C6332489333145BD8508D121 /* HCPApplicationConfigStorage.m */; };
		D48FD6D54BAA4293BF5A9358 /* HCPConfigStorageImpl.m in Sources */ = {isa = PBXBuildFile; fileRef = 285DEE524AE443D2AEC9367B /* HCPConfigStorageImpl.m */; };
		C08461672E83426F9D388B4B /* HCPContentManifestStorage.m in Sources */ = {isa = PBXBuildFile; fileRef = DB54EB3C41114A4C927DD696 /* HCPContentManifestStorage.m */; };
		6C0C33AF4A5248AF8D5BFA99 /* HCPPluginInternalPreferences+UserDefaults.m in Sources */ = {isa = PBXBuildFile; fileRef = C013D529FBF74D17B6CE6AC4 /* HCPPluginInternalPreferences+UserDefaults.m */; };
		3EA3192ABD3C4641BA295766 /* HCPFetchUpdateOptions.m in Sources */ = {isa = PBXBuildFile; fileRef = 3CEF1461A19B4435BE77A444 /* HCPFetchUpdateOptions.m */; };
		ED52E4AF34F44AC4948A0EB5 /* HCPInstallationWorker.m in Sources */ = {isa = PBXBuildFile; fileRef = F6802C095B164B769CC2B71C /* HCPInstallationWorker.m */; };
		19A8CE6696594EA98F924027 /* HCPUpdateInstaller.m in Sources */ = {isa = PBXBuildFile; fileRef = 3EA57BF98C3C426AAB43F696 /* HCPUpdateInstaller.m */; };
		9B96247118694AFB962C7388 /* HCPUpdateLoader.m in Sources */ = {isa = PBXBuildFile; fileRef = B411F2BB97FA49F9A93CF12F /* HCPUpdateLoader.m */; };
		C4D7C7D8A20742D1922B578B /* HCPUpdateLoaderWorker.m in Sources */ = {isa = PBXBuildFile; fileRef = 06E9EEBD5DFE4719A4F4ED9E /* HCPUpdateLoaderWorker.m */; };
		67CF2D519E1F44DDAA1600DE /* HCPUpdateRequest.m in Sources */ = {isa = PBXBuildFile; fileRef = 174AC32019454CEC9F64848B /* HCPUpdateRequest.m */; };
		B307C43902D84571A627EFA9 /* HCPCleanupHelper.m in Sources */ = {isa = PBXBuildFile; fileRef = C6CD8085953740C2BE4DDEDD /* HCPCleanupHelper.m */; };
		2E646C28215D439AA94D9980 /* NSBundle+HCPExtension.m in Sources */ = {isa = PBXBuildFile; fileRef = 3B462611FB51452FB3E7D165 /* NSBundle+HCPExtension.m */; };
		DC744BDB285B42CA8F855646 /* NSData+HCPMD5.m in Sources */ = {isa = PBXBuildFile; fileRef = 1B8EF54ECFFF4AB7A359F57D /* NSData+HCPMD5.m */; };
		32B23189ECB7429CB42117CF /* NSError+HCPExtension.m in Sources */ = {isa = PBXBuildFile; fileRef = A360F079F7C34A0F869E538C /* NSError+HCPExtension.m */; };
		C12E5FFC9BE046E2B497EB8A /* NSFileManager+HCPExtension.m in Sources */ = {isa = PBXBuildFile; fileRef = E676F5AF79F84BC7A3DA5547 /* NSFileManager+HCPExtension.m */; };
		5C5061F9A6C24994826BB013 /* NSJSONSerialization+HCPExtension.m in Sources */ = {isa = PBXBuildFile; fileRef = F752ECE5D8A34D439D64542F /* NSJSONSerialization+HCPExtension.m */; };
		EB4DB1FC391B4D2E89C87803 /* HCPAppUpdateRequestAlertDialog.m in Sources */ = {isa = PBXBuildFile; fileRef = CD8A9F2035964FD3A18548A0 /* HCPAppUpdateRequestAlertDialog.m */; };
		410B323B613049A39ABE2EAA /* HCPAssetsFolderHelper.m in Sources */ = {isa = PBXBuildFile; fileRef = 1EAF3EFF3AF14470AF4BAA8F /* HCPAssetsFolderHelper.m */; };
		676AB25D5C414B9880A28854 /* CDVWKWebViewEngine+HCPPlugin_ReadAccessURL.m in Sources */ = {isa = PBXBuildFile; fileRef = 12CB09875EF44A948F1A460E /* CDVWKWebViewEngine+HCPPlugin_ReadAccessURL.m */; };
		301FFD1A193447FA8335F493 /* UIImage+CropScaleOrientation.m in Sources */ = {isa = PBXBuildFile; fileRef = F7D72F4A38A44F5BABE29E84 /* UIImage+CropScaleOrientation.m */; };
		5DA4C00825F04E11A47B03F1 /* CDVCamera.m in Sources */ = {isa = PBXBuildFile; fileRef = 3589C8CF50114633A8C3171D /* CDVCamera.m */; };
		AE32FEC5D046476BAE41F8E9 /* CDVJpegHeaderWriter.m in Sources */ = {isa = PBXBuildFile; fileRef = 543736619A7D4E2DBEC6D7AE /* CDVJpegHeaderWriter.m */; };
		4CB478738B0348D8B055B9CB /* ImageIO.framework in Frameworks */ = {isa = PBXBuildFile; fileRef = 8452E31C51DF49B5BEC155DE /* ImageIO.framework */; settings = {ATTRIBUTES = (Weak, ); }; };
		3DAFAC6DECC24471A232B6B3 /* CoreLocation.framework in Frameworks */ = {isa = PBXBuildFile; fileRef = 999757807D584E2EA82293B9 /* CoreLocation.framework */; };
		CF6B46FD01A74E2796C0A6F1 /* AVFoundation.framework in Frameworks */ = {isa = PBXBuildFile; fileRef = C111FF716526482E94426F3F /* AVFoundation.framework */; };
/* End PBXBuildFile section */

/* Begin PBXContainerItemProxy section */
		301BF534109A57CC0062928A /* PBXContainerItemProxy */ = {
			isa = PBXContainerItemProxy;
			containerPortal = 301BF52D109A57CC0062928A /* CordovaLib.xcodeproj */;
			proxyType = 2;
			remoteGlobalIDString = D2AAC07E0554694100DB518D;
			remoteInfo = CordovaLib;
		};
		301BF550109A68C00062928A /* PBXContainerItemProxy */ = {
			isa = PBXContainerItemProxy;
			containerPortal = 301BF52D109A57CC0062928A /* CordovaLib.xcodeproj */;
			proxyType = 1;
			remoteGlobalIDString = D2AAC07D0554694100DB518D;
			remoteInfo = CordovaLib;
		};
/* End PBXContainerItemProxy section */

/* Begin PBXFileReference section */
		0207DA571B56EA530066E2B4 /* Images.xcassets */ = {isa = PBXFileReference; lastKnownFileType = folder.assetcatalog; name = Images.xcassets; path = "HelloCordova/Images.xcassets"; sourceTree = SOURCE_ROOT; };
		1D3623240D0F684500981E51 /* AppDelegate.h */ = {isa = PBXFileReference; fileEncoding = 4; lastKnownFileType = sourcecode.c.h; path = AppDelegate.h; sourceTree = "<group>"; };
		1D3623250D0F684500981E51 /* AppDelegate.m */ = {isa = PBXFileReference; fileEncoding = 4; lastKnownFileType = sourcecode.c.objc; path = AppDelegate.m; sourceTree = "<group>"; };
		1D6058910D05DD3D006BFB54 /* HelloCordova.app */ = {isa = PBXFileReference; explicitFileType = wrapper.application; includeInIndex = 0; path = "HelloCordova.app"; sourceTree = BUILT_PRODUCTS_DIR; };
		29B97316FDCFA39411CA2CEA /* main.m */ = {isa = PBXFileReference; fileEncoding = 4; lastKnownFileType = sourcecode.c.objc; path = main.m; sourceTree = "<group>"; };
		301BF52D109A57CC0062928A /* CordovaLib.xcodeproj */ = {isa = PBXFileReference; lastKnownFileType = "wrapper.pb-project"; path = CordovaLib/CordovaLib.xcodeproj; sourceTree = "<group>"; };
		301BF56E109A69640062928A /* www */ = {isa = PBXFileReference; lastKnownFileType = folder; path = www; sourceTree = SOURCE_ROOT; };
		302D95EE14D2391D003F00A1 /* MainViewController.h */ = {isa = PBXFileReference; fileEncoding = 4; lastKnownFileType = sourcecode.c.h; path = MainViewController.h; sourceTree = "<group>"; };
		302D95EF14D2391D003F00A1 /* MainViewController.m */ = {isa = PBXFileReference; fileEncoding = 4; lastKnownFileType = sourcecode.c.objc; path = MainViewController.m; sourceTree = "<group>"; };
		302D95F014D2391D003F00A1 /* MainViewController.xib */ = {isa = PBXFileReference; fileEncoding = 4; lastKnownFileType = file.xib; path = MainViewController.xib; sourceTree = "<group>"; };
		3047A50F1AB8059700498E2A /* build-debug.xcconfig */ = {isa = PBXFileReference; fileEncoding = 4; lastKnownFileType = text.xcconfig; name = "build-debug.xcconfig"; path = cordova/build-debug.xcconfig; sourceTree = SOURCE_ROOT; };
		3047A5101AB8059700498E2A /* build-release.xcconfig */ = {isa = PBXFileReference; fileEncoding = 4; lastKnownFileType = text.xcconfig; name = "build-release.xcconfig"; path = cordova/build-release.xcconfig; sourceTree = SOURCE_ROOT; };
		3047A5111AB8059700498E2A /* build.xcconfig */ = {isa = PBXFileReference; fileEncoding = 4; lastKnownFileType = text.xcconfig; name = build.xcconfig; path = cordova/build.xcconfig; sourceTree = SOURCE_ROOT; };
		32CA4F630368D1EE00C91783 /* HelloCordova-Prefix.pch */ = {isa = PBXFileReference; fileEncoding = 4; lastKnownFileType = sourcecode.c.h; path = "HelloCordova-Prefix.pch"; sourceTree = "<group>"; };
		6AFF5BF81D6E424B00AB3073 /* CDVLaunchScreen.storyboard */ = {isa = PBXFileReference; fileEncoding = 4; lastKnownFileType = file.storyboard; name = CDVLaunchScreen.storyboard; path = "HelloCordova/CDVLaunchScreen.storyboard"; sourceTree = SOURCE_ROOT; };
		8D1107310486CEB800E47090 /* HelloCordova-Info.plist */ = {isa = PBXFileReference; fileEncoding = 4; lastKnownFileType = text.plist.xml; name = "HelloCordova-Info.plist"; path = "HelloCordova/HelloCordova-Info.plist"; plistStructureDefinitionIdentifier = "com.apple.xcode.plist.structure-definition.iphone.info-plist"; sourceTree = SOURCE_ROOT; };
		EB87FDF31871DA8E0020F90C /* www */ = {isa = PBXFileReference; lastKnownFileType = folder; name = www; path = ../../www; sourceTree = "<group>"; };
		EB87FDF41871DAF40020F90C /* config.xml */ = {isa = PBXFileReference; lastKnownFileType = text.xml; name = config.xml; path = ../../config.xml; sourceTree = "<group>"; };
		F840E1F0165FE0F500CFE078 /* config.xml */ = {isa = PBXFileReference; lastKnownFileType = text.xml; name = config.xml; path = "HelloCordova/config.xml"; sourceTree = "<group>"; };
		ED33DF2A687741AEAF9F8254 /* Bridging-Header.h */ = {isa = PBXFileReference; fileEncoding = 4; lastKnownFileType = sourcecode.c.h; name = "Bridging-Header.h"; path = "Bridging-Header.h"; sourceTree = "<group>"; };
		270E6FD4E6CE427CA83BE3F5 /* HCPPlugin.m */ = {isa = PBXFileReference; name = "HCPPlugin.m"; path = "cordova-hot-code-push-plugin/HCPPlugin.m"; sourceTree = "<group>"; fileEncoding = 4; lastKnownFileType = sourcecode.c.objc; explicitFileType = undefined; includeInIndex = 0; };
		DFA63C2E2FD94B97844895B5 /* HCPApplicationConfig.m */ = {isa = PBXFileReference; name = "HCPApplicationConfig.m"; path = "cordova-hot-code-push-plugin/Config/HCPApplicationConfig.m"; sourceTree = "<group>"; fileEncoding = 4; lastKnownFileType = sourcecode.c.objc; explicitFileType = undefined; includeInIndex = 0; };
		795C0CA054AB407983E68E02 /* HCPContentConfig.m */ = {isa = PBXFileReference; name = "HCPContentConfig.m"; path = "cordova-hot-code-push-plugin/Config/HCPContentConfig.m"; sourceTree = "<group>"; fileEncoding = 4; lastKnownFileType = sourcecode.c.objc; explicitFileType = undefined; includeInIndex = 0; };
		6F05B53FD2444CC09024A253 /* HCPContentManifest.m */ = {isa = PBXFileReference; name = "HCPContentManifest.m"; path = "cordova-hot-code-push-plugin/Config/HCPContentManifest.m"; sourceTree = "<group>"; fileEncoding = 4; lastKnownFileType = sourcecode.c.objc; explicitFileType = undefined; includeInIndex = 0; };
		AA1D630CDD134BB883A78792 /* HCPPluginInternalPreferences.m */ = {isa = PBXFileReference; name = "HCPPluginInternalPreferences.m"; path = "cordova-hot-code-push-plugin/Config/HCPPluginInternalPreferences.m"; sourceTree = "<group>"; fileEncoding = 4; lastKnownFileType = sourcecode.c.objc; explicitFileType = undefined; includeInIndex = 0; };
		679C40DCE8CF434C9D514697 /* HCPXmlConfig.m */ = {isa = PBXFileReference; name = "HCPXmlConfig.m"; path = "cordova-hot-code-push-plugin/Config/HCPXmlConfig.m"; sourceTree = "<group>"; fileEncoding = 4; lastKnownFileType = sourcecode.c.objc; explicitFileType = undefined; includeInIndex = 0; };
		37293D4F11434E71982C4D2C /* HCPXmlTags.m */ = {isa = PBXFileReference; name = "HCPXmlTags.m"; path = "cordova-hot-code-push-plugin/Config/HCPXmlTags.m"; sourceTree = "<group>"; fileEncoding = 4; lastKnownFileType = sourcecode.c.objc; explicitFileType = undefined; includeInIndex = 0; };
		04FF6DCAFC9145A2BF383AB3 /* HCPXmlConfigParser.m */ = {isa = PBXFileReference; name = "HCPXmlConfigParser.m"; path = "cordova-hot-code-push-plugin/Config/HCPXmlConfigParser.m"; sourceTree = "<group>"; fileEncoding = 4; lastKnownFileType = sourcecode.c.objc; explicitFileType = undefined; includeInIndex = 0; };
		79DF76FF7F9142C8B195B0D3 /* HCPEvents.m */ = {isa = PBXFileReference; name = "HCPEvents.m"; path = "cordova-hot-code-push-plugin/Events/HCPEvents.m"; sourceTree = "<group>"; fileEncoding = 4; lastKnownFileType = sourcecode.c.objc; explicitFileType = undefined; includeInIndex = 0; };
		9BE5D9AC7400407BB3A9FF1F /* CDVPluginResult+HCPEvents.m */ = {isa = PBXFileReference; name = "CDVPluginResult+HCPEvents.m"; path = "cordova-hot-code-push-plugin/JS/CDVPluginResult+HCPEvents.m"; sourceTree = "<group>"; fileEncoding = 4; lastKnownFileType = sourcecode.c.objc; explicitFileType = undefined; includeInIndex = 0; };
		3C25E5BBF66243EAA426D0A0 /* HCPFilesStructure.m */ = {isa = PBXFileReference; name = "HCPFilesStructure.m"; path = "cordova-hot-code-push-plugin/Model/HCPFilesStructure.m"; sourceTree = "<group>"; fileEncoding = 4; lastKnownFileType = sourcecode.c.objc; explicitFileType = undefined; includeInIndex = 0; };
		548F04015E6D40969A4CCCE0 /* HCPManifestDiff.m */ = {isa = PBXFileReference; name = "HCPManifestDiff.m"; path = "cordova-hot-code-push-plugin/Model/HCPManifestDiff.m"; sourceTree = "<group>"; fileEncoding = 4; lastKnownFileType = sourcecode.c.objc; explicitFileType = undefined; includeInIndex = 0; };
		3A3BA6D5A54B416DBFE02C11 /* HCPManifestFile.m */ = {isa = PBXFileReference; name = "HCPManifestFile.m"; path = "cordova-hot-code-push-plugin/Model/HCPManifestFile.m"; sourceTree = "<group>"; fileEncoding = 4; lastKnownFileType = sourcecode.c.objc; explicitFileType = undefined; includeInIndex = 0; };
		98F32AA7DC0242649702E3BF /* HCPFileDownloader.m */ = {isa = PBXFileReference; name = "HCPFileDownloader.m"; path = "cordova-hot-code-push-plugin/Network/HCPFileDownloader.m"; sourceTree = "<group>"; fileEncoding = 4; lastKnownFileType = sourcecode.c.objc; explicitFileType = undefined; includeInIndex = 0; };
		35715B03768A4A9C9CE1AE84 /* HCPDataDownloader.m */ = {isa = PBXFileReference; name = "HCPDataDownloader.m"; path = "cordova-hot-code-push-plugin/Network/HCPDataDownloader.m"; sourceTree = "<group>"; fileEncoding = 4; lastKnownFileType = sourcecode.c.objc; explicitFileType = undefined; includeInIndex = 0; };
		C6332489333145BD8508D121 /* HCPApplicationConfigStorage.m */ = {isa = PBXFileReference; name = "HCPApplicationConfigStorage.m"; path = "cordova-hot-code-push-plugin/Storage/HCPApplicationConfigStorage.m"; sourceTree = "<group>"; fileEncoding = 4; lastKnownFileType = sourcecode.c.objc; explicitFileType = undefined; includeInIndex = 0; };
		285DEE524AE443D2AEC9367B /* HCPConfigStorageImpl.m */ = {isa = PBXFileReference; name = "HCPConfigStorageImpl.m"; path = "cordova-hot-code-push-plugin/Storage/HCPConfigStorageImpl.m"; sourceTree = "<group>"; fileEncoding = 4; lastKnownFileType = sourcecode.c.objc; explicitFileType = undefined; includeInIndex = 0; };
		DB54EB3C41114A4C927DD696 /* HCPContentManifestStorage.m */ = {isa = PBXFileReference; name = "HCPContentManifestStorage.m"; path = "cordova-hot-code-push-plugin/Storage/HCPContentManifestStorage.m"; sourceTree = "<group>"; fileEncoding = 4; lastKnownFileType = sourcecode.c.objc; explicitFileType = undefined; includeInIndex = 0; };
		C013D529FBF74D17B6CE6AC4 /* HCPPluginInternalPreferences+UserDefaults.m */ = {isa = PBXFileReference; name = "HCPPluginInternalPreferences+UserDefaults.m"; path = "cordova-hot-code-push-plugin/Storage/HCPPluginInternalPreferences+UserDefaults.m"; sourceTree = "<group>"; fileEncoding = 4; lastKnownFileType = sourcecode.c.objc; explicitFileType = undefined; includeInIndex = 0; };
		3CEF1461A19B4435BE77A444 /* HCPFetchUpdateOptions.m */ = {isa = PBXFileReference; name = "HCPFetchUpdateOptions.m"; path = "cordova-hot-code-push-plugin/Updater/HCPFetchUpdateOptions.m"; sourceTree = "<group>"; fileEncoding = 4; lastKnownFileType = sourcecode.c.objc; explicitFileType = undefined; includeInIndex = 0; };
		F6802C095B164B769CC2B71C /* HCPInstallationWorker.m */ = {isa = PBXFileReference; name = "HCPInstallationWorker.m"; path = "cordova-hot-code-push-plugin/Updater/HCPInstallationWorker.m"; sourceTree = "<group>"; fileEncoding = 4; lastKnownFileType = sourcecode.c.objc; explicitFileType = undefined; includeInIndex = 0; };
		3EA57BF98C3C426AAB43F696 /* HCPUpdateInstaller.m */ = {isa = PBXFileReference; name = "HCPUpdateInstaller.m"; path = "cordova-hot-code-push-plugin/Updater/HCPUpdateInstaller.m"; sourceTree = "<group>"; fileEncoding = 4; lastKnownFileType = sourcecode.c.objc; explicitFileType = undefined; includeInIndex = 0; };
		B411F2BB97FA49F9A93CF12F /* HCPUpdateLoader.m */ = {isa = PBXFileReference; name = "HCPUpdateLoader.m"; path = "cordova-hot-code-push-plugin/Updater/HCPUpdateLoader.m"; sourceTree = "<group>"; fileEncoding = 4; lastKnownFileType = sourcecode.c.objc; explicitFileType = undefined; includeInIndex = 0; };
		06E9EEBD5DFE4719A4F4ED9E /* HCPUpdateLoaderWorker.m */ = {isa = PBXFileReference; name = "HCPUpdateLoaderWorker.m"; path = "cordova-hot-code-push-plugin/Updater/HCPUpdateLoaderWorker.m"; sourceTree = "<group>"; fileEncoding = 4; lastKnownFileType = sourcecode.c.objc; explicitFileType = undefined; includeInIndex = 0; };
		174AC32019454CEC9F64848B /* HCPUpdateRequest.m */ = {isa = PBXFileReference; name = "HCPUpdateRequest.m"; path = "cordova-hot-code-push-plugin/Updater/HCPUpdateRequest.m"; sourceTree = "<group>"; fileEncoding = 4; lastKnownFileType = sourcecode.c.objc; explicitFileType = undefined; includeInIndex = 0; };
		C6CD8085953740C2BE4DDEDD /* HCPCleanupHelper.m */ = {isa = PBXFileReference; name = "HCPCleanupHelper.m"; path = "cordova-hot-code-push-plugin/Utils/HCPCleanupHelper.m"; sourceTree = "<group>"; fileEncoding = 4; lastKnownFileType = sourcecode.c.objc; explicitFileType = undefined; includeInIndex = 0; };
		3B462611FB51452FB3E7D165 /* NSBundle+HCPExtension.m */ = {isa = PBXFileReference; name = "NSBundle+HCPExtension.m"; path = "cordova-hot-code-push-plugin/Utils/NSBundle+HCPExtension.m"; sourceTree = "<group>"; fileEncoding = 4; lastKnownFileType = sourcecode.c.objc; explicitFileType = undefined; includeInIndex = 0; };
		1B8EF54ECFFF4AB7A359F57D /* NSData+HCPMD5.m */ = {isa = PBXFileReference; name = "NSData+HCPMD5.m"; path = "cordova-hot-code-push-plugin/Utils/NSData+HCPMD5.m"; sourceTree = "<group>"; fileEncoding = 4; lastKnownFileType = sourcecode.c.objc; explicitFileType = undefined; includeInIndex = 0; };
		A360F079F7C34A0F869E538C /* NSError+HCPExtension.m */ = {isa = PBXFileReference; name = "NSError+HCPExtension.m"; path = "cordova-hot-code-push-plugin/Utils/NSError+HCPExtension.m"; sourceTree = "<group>"; fileEncoding = 4; lastKnownFileType = sourcecode.c.objc; explicitFileType = undefined; includeInIndex = 0; };
		E676F5AF79F84BC7A3DA5547 /* NSFileManager+HCPExtension.m */ = {isa = PBXFileReference; name = "NSFileManager+HCPExtension.m"; path = "cordova-hot-code-push-plugin/Utils/NSFileManager+HCPExtension.m"; sourceTree = "<group>"; fileEncoding = 4; lastKnownFileType = sourcecode.c.objc; explicitFileType = undefined; includeInIndex = 0; };
		F752ECE5D8A34D439D64542F /* NSJSONSerialization+HCPExtension.m */ = {isa = PBXFileReference; name = "NSJSONSerialization+HCPExtension.m"; path = "cordova-hot-code-push-plugin/Utils/NSJSONSerialization+HCPExtension.m"; sourceTree = "<group>"; fileEncoding = 4; lastKnownFileType = sourcecode.c.objc; explicitFileType = undefined; includeInIndex = 0; };
		CD8A9F2035964FD3A18548A0 /* HCPAppUpdateRequestAlertDialog.m */ = {isa = PBXFileReference; name = "HCPAppUpdateRequestAlertDialog.m"; path = "cordova-hot-code-push-plugin/Utils/HCPAppUpdateRequestAlertDialog.m"; sourceTree = "<group>"; fileEncoding = 4; lastKnownFileType = sourcecode.c.objc; explicitFileType = undefined; includeInIndex = 0; };
		1EAF3EFF3AF14470AF4BAA8F /* HCPAssetsFolderHelper.m */ = {isa = PBXFileReference; name = "HCPAssetsFolderHelper.m"; path = "cordova-hot-code-push-plugin/Utils/HCPAssetsFolderHelper.m"; sourceTree = "<group>"; fileEncoding = 4; lastKnownFileType = sourcecode.c.objc; explicitFileType = undefined; includeInIndex = 0; };
		12CB09875EF44A948F1A460E /* CDVWKWebViewEngine+HCPPlugin_ReadAccessURL.m */ = {isa = PBXFileReference; name = "CDVWKWebViewEngine+HCPPlugin_ReadAccessURL.m"; path = "cordova-hot-code-push-plugin/WKWebViewFix/CDVWKWebViewEngine+HCPPlugin_ReadAccessURL.m"; sourceTree = "<group>"; fileEncoding = 4; lastKnownFileType = sourcecode.c.objc; explicitFileType = undefined; includeInIndex = 0; };
		8F2E98EB92DE4B60905BBDCF /* HCPPlugin.h */ = {isa = PBXFileReference; name = "HCPPlugin.h"; path = "cordova-hot-code-push-plugin/HCPPlugin.h"; sourceTree = "<group>"; fileEncoding = 4; lastKnownFileType = sourcecode.c.h; explicitFileType = undefined; includeInIndex = 0; };
		333884505F73409B8F8038E3 /* HCPApplicationConfig.h */ = {isa = PBXFileReference; name = "HCPApplicationConfig.h"; path = "cordova-hot-code-push-plugin/Config/HCPApplicationConfig.h"; sourceTree = "<group>"; fileEncoding = 4; lastKnownFileType = sourcecode.c.h; explicitFileType = undefined; includeInIndex = 0; };
		65E23C1CD4274FF086ABB0B8 /* HCPContentConfig.h */ = {isa = PBXFileReference; name = "HCPContentConfig.h"; path = "cordova-hot-code-push-plugin/Config/HCPContentConfig.h"; sourceTree = "<group>"; fileEncoding = 4; lastKnownFileType = sourcecode.c.h; explicitFileType = undefined; includeInIndex = 0; };
		ECD44F34CE154448B81423AD /* HCPContentManifest.h */ = {isa = PBXFileReference; name = "HCPContentManifest.h"; path = "cordova-hot-code-push-plugin/Config/HCPContentManifest.h"; sourceTree = "<group>"; fileEncoding = 4; lastKnownFileType = sourcecode.c.h; explicitFileType = undefined; includeInIndex = 0; };
		39FA60ED5CA04EEFBD393E56 /* HCPPluginInternalPreferences.h */ = {isa = PBXFileReference; name = "HCPPluginInternalPreferences.h"; path = "cordova-hot-code-push-plugin/Config/HCPPluginInternalPreferences.h"; sourceTree = "<group>"; fileEncoding = 4; lastKnownFileType = sourcecode.c.h; explicitFileType = undefined; includeInIndex = 0; };
		1AF09023F50940D48A383A2E /* HCPXmlConfig.h */ = {isa = PBXFileReference; name = "HCPXmlConfig.h"; path = "cordova-hot-code-push-plugin/Config/HCPXmlConfig.h"; sourceTree = "<group>"; fileEncoding = 4; lastKnownFileType = sourcecode.c.h; explicitFileType = undefined; includeInIndex = 0; };
		D6CFA69B54E54F5DBAD6E2C3 /* HCPXmlTags.h */ = {isa = PBXFileReference; name = "HCPXmlTags.h"; path = "cordova-hot-code-push-plugin/Config/HCPXmlTags.h"; sourceTree = "<group>"; fileEncoding = 4; lastKnownFileType = sourcecode.c.h; explicitFileType = undefined; includeInIndex = 0; };
		4456759EF97B4856B1CF337A /* HCPXmlConfigParser.h */ = {isa = PBXFileReference; name = "HCPXmlConfigParser.h"; path = "cordova-hot-code-push-plugin/Config/HCPXmlConfigParser.h"; sourceTree = "<group>"; fileEncoding = 4; lastKnownFileType = sourcecode.c.h; explicitFileType = undefined; includeInIndex = 0; };
		A46D865BF5C34DD5B39489B1 /* HCPEvents.h */ = {isa = PBXFileReference; name = "HCPEvents.h"; path = "cordova-hot-code-push-plugin/Events/HCPEvents.h"; sourceTree = "<group>"; fileEncoding = 4; lastKnownFileType = sourcecode.c.h; explicitFileType = undefined; includeInIndex = 0; };
		4BCE0EE6E3BF403A812903E7 /* CDVPluginResult+HCPEvents.h */ = {isa = PBXFileReference; name = "CDVPluginResult+HCPEvents.h"; path = "cordova-hot-code-push-plugin/JS/CDVPluginResult+HCPEvents.h"; sourceTree = "<group>"; fileEncoding = 4; lastKnownFileType = sourcecode.c.h; explicitFileType = undefined; includeInIndex = 0; };
		48A8F44A5E8A40A8B0B0E2C3 /* HCPFilesStructure.h */ = {isa = PBXFileReference; name = "HCPFilesStructure.h"; path = "cordova-hot-code-push-plugin/Model/HCPFilesStructure.h"; sourceTree = "<group>"; fileEncoding = 4; lastKnownFileType = sourcecode.c.h; explicitFileType = undefined; includeInIndex = 0; };
		3859C9D34886480989CA73EF /* HCPJsonConvertable.h */ = {isa = PBXFileReference; name = "HCPJsonConvertable.h"; path = "cordova-hot-code-push-plugin/Model/HCPJsonConvertable.h"; sourceTree = "<group>"; fileEncoding = 4; lastKnownFileType = sourcecode.c.h; explicitFileType = undefined; includeInIndex = 0; };
		58564AECC5EA475591A8AB15 /* HCPManifestDiff.h */ = {isa = PBXFileReference; name = "HCPManifestDiff.h"; path = "cordova-hot-code-push-plugin/Model/HCPManifestDiff.h"; sourceTree = "<group>"; fileEncoding = 4; lastKnownFileType = sourcecode.c.h; explicitFileType = undefined; includeInIndex = 0; };
		6E6EE790BE934D0A838A28C0 /* HCPManifestFile.h */ = {isa = PBXFileReference; name = "HCPManifestFile.h"; path = "cordova-hot-code-push-plugin/Model/HCPManifestFile.h"; sourceTree = "<group>"; fileEncoding = 4; lastKnownFileType = sourcecode.c.h; explicitFileType = undefined; includeInIndex = 0; };
		1E26508AA39D49F698486D70 /* HCPFileDownloader.h */ = {isa = PBXFileReference; name = "HCPFileDownloader.h"; path = "cordova-hot-code-push-plugin/Network/HCPFileDownloader.h"; sourceTree = "<group>"; fileEncoding = 4; lastKnownFileType = sourcecode.c.h; explicitFileType = undefined; includeInIndex = 0; };
		DB0C55E7ACD74173B8745127 /* HCPDataDownloader.h */ = {isa = PBXFileReference; name = "HCPDataDownloader.h"; path = "cordova-hot-code-push-plugin/Network/HCPDataDownloader.h"; sourceTree = "<group>"; fileEncoding = 4; lastKnownFileType = sourcecode.c.h; explicitFileType = undefined; includeInIndex = 0; };
		4BC5990CC75E440F9F1503BE /* HCPApplicationConfigStorage.h */ = {isa = PBXFileReference; name = "HCPApplicationConfigStorage.h"; path = "cordova-hot-code-push-plugin/Storage/HCPApplicationConfigStorage.h"; sourceTree = "<group>"; fileEncoding = 4; lastKnownFileType = sourcecode.c.h; explicitFileType = undefined; includeInIndex = 0; };
		0E225CF3FEE948F880430973 /* HCPConfigFileStorage.h */ = {isa = PBXFileReference; name = "HCPConfigFileStorage.h"; path = "cordova-hot-code-push-plugin/Storage/HCPConfigFileStorage.h"; sourceTree = "<group>"; fileEncoding = 4; lastKnownFileType = sourcecode.c.h; explicitFileType = undefined; includeInIndex = 0; };
		1E0ECB1942D04026A30EA03F /* HCPConfigStorageImpl.h */ = {isa = PBXFileReference; name = "HCPConfigStorageImpl.h"; path = "cordova-hot-code-push-plugin/Storage/HCPConfigStorageImpl.h"; sourceTree = "<group>"; fileEncoding = 4; lastKnownFileType = sourcecode.c.h; explicitFileType = undefined; includeInIndex = 0; };
		CC8C7CBF409B4B45958A14AB /* HCPContentManifestStorage.h */ = {isa = PBXFileReference; name = "HCPContentManifestStorage.h"; path = "cordova-hot-code-push-plugin/Storage/HCPContentManifestStorage.h"; sourceTree = "<group>"; fileEncoding = 4; lastKnownFileType = sourcecode.c.h; explicitFileType = undefined; includeInIndex = 0; };
		1A3AAD5E279C4581AFD74506 /* HCPPluginInternalPreferences+UserDefaults.h */ = {isa = PBXFileReference; name = "HCPPluginInternalPreferences+UserDefaults.h"; path = "cordova-hot-code-push-plugin/Storage/HCPPluginInternalPreferences+UserDefaults.h"; sourceTree = "<group>"; fileEncoding = 4; lastKnownFileType = sourcecode.c.h; explicitFileType = undefined; includeInIndex = 0; };
		6B7DFD60F54D4EA69D13B482 /* HCPFetchUpdateOptions.h */ = {isa = PBXFileReference; name = "HCPFetchUpdateOptions.h"; path = "cordova-hot-code-push-plugin/Updater/HCPFetchUpdateOptions.h"; sourceTree = "<group>"; fileEncoding = 4; lastKnownFileType = sourcecode.c.h; explicitFileType = undefined; includeInIndex = 0; };
		1F0A2B5F9EF5481CACF3EB24 /* HCPInstallationWorker.h */ = {isa = PBXFileReference; name = "HCPInstallationWorker.h"; path = "cordova-hot-code-push-plugin/Updater/HCPInstallationWorker.h"; sourceTree = "<group>"; fileEncoding = 4; lastKnownFileType = sourcecode.c.h; explicitFileType = undefined; includeInIndex = 0; };
		D3967A5465F14E978B65E8D6 /* HCPUpdateInstaller.h */ = {isa = PBXFileReference; name = "HCPUpdateInstaller.h"; path = "cordova-hot-code-push-plugin/Updater/HCPUpdateInstaller.h"; sourceTree = "<group>"; fileEncoding = 4; lastKnownFileType = sourcecode.c.h; explicitFileType = undefined; includeInIndex = 0; };
		662FC3CE67464E249576C533 /* HCPUpdateLoader.h */ = {isa = PBXFileReference; name = "HCPUpdateLoader.h"; path = "cordova-hot-code-push-plugin/Updater/HCPUpdateLoader.h"; sourceTree = "<group>"; fileEncoding = 4; lastKnownFileType = sourcecode.c.h; explicitFileType = undefined; includeInIndex = 0; };
		FCFA68BA08C146DBBF074B65 /* HCPUpdateLoaderWorker.h */ = {isa = PBXFileReference; name = "HCPUpdateLoaderWorker.h"; path = "cordova-hot-code-push-plugin/Updater/HCPUpdateLoaderWorker.h"; sourceTree = "<group>"; fileEncoding = 4; lastKnownFileType = sourcecode.c.h; explicitFileType = undefined; includeInIndex = 0; };
		1E239C36B9DF427EAEBDA23F /* HCPUpdateRequest.h */ = {isa = PBXFileReference; name = "HCPUpdateRequest.h"; path = "cordova-hot-code-push-plugin/Updater/HCPUpdateRequest.h"; sourceTree = "<group>"; fileEncoding = 4; lastKnownFileType = sourcecode.c.h; explicitFileType = undefined; includeInIndex = 0; };
		14FF3B59488347D58A8E531C /* HCPWorker.h */ = {isa = PBXFileReference; name = "HCPWorker.h"; path = "cordova-hot-code-push-plugin/Updater/HCPWorker.h"; sourceTree = "<group>"; fileEncoding = 4; lastKnownFileType = sourcecode.c.h; explicitFileType = undefined; includeInIndex = 0; };
		030E8F5AAEFE483AB3C03B8D /* HCPCleanupHelper.h */ = {isa = PBXFileReference; name = "HCPCleanupHelper.h"; path = "cordova-hot-code-push-plugin/Utils/HCPCleanupHelper.h"; sourceTree = "<group>"; fileEncoding = 4; lastKnownFileType = sourcecode.c.h; explicitFileType = undefined; includeInIndex = 0; };
		0E36B44ADA254FA8AB3A9452 /* NSBundle+HCPExtension.h */ = {isa = PBXFileReference; name = "NSBundle+HCPExtension.h"; path = "cordova-hot-code-push-plugin/Utils/NSBundle+HCPExtension.h"; sourceTree = "<group>"; fileEncoding = 4; lastKnownFileType = sourcecode.c.h; explicitFileType = undefined; includeInIndex = 0; };
		49DDE6570AF8414D86886CC2 /* NSData+HCPMD5.h */ = {isa = PBXFileReference; name = "NSData+HCPMD5.h"; path = "cordova-hot-code-push-plugin/Utils/NSData+HCPMD5.h"; sourceTree = "<group>"; fileEncoding = 4; lastKnownFileType = sourcecode.c.h; explicitFileType = undefined; includeInIndex = 0; };
		6CF63650B8E34E86BCA53763 /* NSError+HCPExtension.h */ = {isa = PBXFileReference; name = "NSError+HCPExtension.h"; path = "cordova-hot-code-push-plugin/Utils/NSError+HCPExtension.h"; sourceTree = "<group>"; fileEncoding = 4; lastKnownFileType = sourcecode.c.h; explicitFileType = undefined; includeInIndex = 0; };
		1410A158DD2048AD99AE225C /* NSFileManager+HCPExtension.h */ = {isa = PBXFileReference; name = "NSFileManager+HCPExtension.h"; path = "cordova-hot-code-push-plugin/Utils/NSFileManager+HCPExtension.h"; sourceTree = "<group>"; fileEncoding = 4; lastKnownFileType = sourcecode.c.h; explicitFileType = undefined; includeInIndex = 0; };
		3917820E184642D1AF57B688 /* NSJSONSerialization+HCPExtension.h */ = {isa = PBXFileReference; name = "NSJSONSerialization+HCPExtension.h"; path = "cordova-hot-code-push-plugin/Utils/NSJSONSerialization+HCPExtension.h"; sourceTree = "<group>"; fileEncoding = 4; lastKnownFileType = sourcecode.c.h; explicitFileType = undefined; includeInIndex = 0; };
		04EAD9466D004CF0A34C81EF /* HCPAppUpdateRequestAlertDialog.h */ = {isa = PBXFileReference; name = "HCPAppUpdateRequestAlertDialog.h"; path = "cordova-hot-code-push-plugin/Utils/HCPAppUpdateRequestAlertDialog.h"; sourceTree = "<group>"; fileEncoding = 4; lastKnownFileType = sourcecode.c.h; explicitFileType = undefined; includeInIndex = 0; };
		93C3E2B7D7134C24B7731322 /* HCPAssetsFolderHelper.h */ = {isa = PBXFileReference; name = "HCPAssetsFolderHelper.h"; path = "cordova-hot-code-push-plugin/Utils/HCPAssetsFolderHelper.h"; sourceTree = "<group>"; fileEncoding = 4; lastKnownFileType = sourcecode.c.h; explicitFileType = undefined; includeInIndex = 0; };
		B82B7E415730455083C3D4F8 /* CDVWKWebViewEngine+HCPPlugin_ReadAccessURL.h */ = {isa = PBXFileReference; name = "CDVWKWebViewEngine+HCPPlugin_ReadAccessURL.h"; path = "cordova-hot-code-push-plugin/WKWebViewFix/CDVWKWebViewEngine+HCPPlugin_ReadAccessURL.h"; sourceTree = "<group>"; fileEncoding = 4; lastKnownFileType = sourcecode.c.h; explicitFileType = undefined; includeInIndex = 0; };
		F7D72F4A38A44F5BABE29E84 /* UIImage+CropScaleOrientation.m */ = {isa = PBXFileReference; name = "UIImage+CropScaleOrientation.m"; path = "cordova-plugin-camera/UIImage+CropScaleOrientation.m"; sourceTree = "<group>"; fileEncoding = 4; lastKnownFileType = sourcecode.c.objc; explicitFileType = undefined; includeInIndex = 0; };
		3589C8CF50114633A8C3171D /* CDVCamera.m */ = {isa = PBXFileReference; name = "CDVCamera.m"; path = "cordova-plugin-camera/CDVCamera.m"; sourceTree = "<group>"; fileEncoding = 4; lastKnownFileType = sourcecode.c.objc; explicitFileType = undefined; includeInIndex = 0; };
		543736619A7D4E2DBEC6D7AE /* CDVJpegHeaderWriter.m */ = {isa = PBXFileReference; name = "CDVJpegHeaderWriter.m"; path = "cordova-plugin-camera/CDVJpegHeaderWriter.m"; sourceTree = "<group>"; fileEncoding = 4; lastKnownFileType = sourcecode.c.objc; explicitFileType = undefined; includeInIndex = 0; };
		AB1A618B065F4AF5AFCC7001 /* UIImage+CropScaleOrientation.h */ = {isa = PBXFileReference; name = "UIImage+CropScaleOrientation.h"; path = "cordova-plugin-camera/UIImage+CropScaleOrientation.h"; sourceTree = "<group>"; fileEncoding = 4; lastKnownFileType = sourcecode.c.h; explicitFileType = undefined; includeInIndex = 0; };
		FC00DAC929D6403BB0CA4456 /* CDVCamera.h */ = {isa = PBXFileReference; name = "CDVCamera.h"; path = "cordova-plugin-camera/CDVCamera.h"; sourceTree = "<group>"; fileEncoding = 4; lastKnownFileType = sourcecode.c.h; explicitFileType = undefined; includeInIndex = 0; };
		988FA3C645DD465A9522D4FD /* CDVJpegHeaderWriter.h */ = {isa = PBXFileReference; name = "CDVJpegHeaderWriter.h"; path = "cordova-plugin-camera/CDVJpegHeaderWriter.h"; sourceTree = "<group>"; fileEncoding = 4; lastKnownFileType = sourcecode.c.h; explicitFileType = undefined; includeInIndex = 0; };
		F713D9B9FD3E40E8B043A710 /* CDVExif.h */ = {isa = PBXFileReference; name = "CDVExif.h"; path = "cordova-plugin-camera/CDVExif.h"; sourceTree = "<group>"; fileEncoding = 4; lastKnownFileType = sourcecode.c.h; explicitFileType = undefined; includeInIndex = 0; };
		8452E31C51DF49B5BEC155DE /* ImageIO.framework */ = {isa = PBXFileReference; name = "ImageIO.framework"; path = "System/Library/Frameworks/ImageIO.framework"; sourceTree = SDKROOT; fileEncoding = undefined; lastKnownFileType = wrapper.framework; explicitFileType = undefined; includeInIndex = 0; };
		999757807D584E2EA82293B9 /* CoreLocation.framework */ = {isa = PBXFileReference; name = "CoreLocation.framework"; path = "System/Library/Frameworks/CoreLocation.framework"; sourceTree = SDKROOT; fileEncoding = undefined; lastKnownFileType = wrapper.framework; explicitFileType = undefined; includeInIndex = 0; };
		C111FF716526482E94426F3F /* AVFoundation.framework */ = {isa = PBXFileReference; name = "AVFoundation.framework"; path = "System/Library/Frameworks/AVFoundation.framework"; sourceTree = SDKROOT; fileEncoding = undefined; lastKnownFileType = wrapper.framework; explicitFileType = undefined; includeInIndex = 0; };
/* End PBXFileReference section */

/* Begin PBXFrameworksBuildPhase section */
		1D60588F0D05DD3D006BFB54 /* Frameworks */ = {
			isa = PBXFrameworksBuildPhase;
			buildActionMask = 2147483647;
			files = (
				301BF552109A68D80062928A /* libCordova.a in Frameworks */,
				4CB478738B0348D8B055B9CB /* ImageIO.framework in Frameworks */,
				3DAFAC6DECC24471A232B6B3 /* CoreLocation.framework in Frameworks */,
				CF6B46FD01A74E2796C0A6F1 /* AVFoundation.framework in Frameworks */,
			);
			runOnlyForDeploymentPostprocessing = 0;
		};
/* End PBXFrameworksBuildPhase section */

/* Begin PBXGroup section */
		080E96DDFE201D6D7F000001 /* Classes */ = {
			isa = PBXGroup;
			children = (
				302D95EE14D2391D003F00A1 /* MainViewController.h */,
				302D95EF14D2391D003F00A1 /* MainViewController.m */,
				302D95F014D2391D003F00A1 /* MainViewController.xib */,
				1D3623240D0F684500981E51 /* AppDelegate.h */,
				1D3623250D0F684500981E51 /* AppDelegate.m */,
			);
			name = Classes;
			path = "HelloCordova/Classes";
			sourceTree = SOURCE_ROOT;
		};
		19C28FACFE9D520D11CA2CBB /* Products */ = {
			isa = PBXGroup;
			children = (
				1D6058910D05DD3D006BFB54 /* HelloCordova.app */,
			);
			name = Products;
			sourceTree = "<group>";
		};
		29B97314FDCFA39411CA2CEA /* CustomTemplate */ = {
			isa = PBXGroup;
			children = (
				EB87FDF41871DAF40020F90C /* config.xml */,
				EB87FDF31871DA8E0020F90C /* www */,
				EB87FDF11871DA420020F90C /* Staging */,
				301BF52D109A57CC0062928A /* CordovaLib.xcodeproj */,
				080E96DDFE201D6D7F000001 /* Classes */,
				307C750510C5A3420062BCA9 /* Plugins */,
				29B97315FDCFA39411CA2CEA /* Other Sources */,
				29B97317FDCFA39411CA2CEA /* Resources */,
				29B97323FDCFA39411CA2CEA /* Frameworks */,
				19C28FACFE9D520D11CA2CBB /* Products */,
			);
			name = CustomTemplate;
			sourceTree = "<group>";
		};
		29B97315FDCFA39411CA2CEA /* Other Sources */ = {
			isa = PBXGroup;
			children = (
				32CA4F630368D1EE00C91783 /* HelloCordova-Prefix.pch */,
				29B97316FDCFA39411CA2CEA /* main.m */,
				ED33DF2A687741AEAF9F8254 /* Bridging-Header.h */,
			);
			name = "Other Sources";
			path = "HelloCordova";
			sourceTree = "<group>";
		};
		29B97317FDCFA39411CA2CEA /* Resources */ = {
			isa = PBXGroup;
			children = (
				0207DA571B56EA530066E2B4 /* Images.xcassets */,
				3047A50E1AB8057F00498E2A /* config */,
				8D1107310486CEB800E47090 /* HelloCordova-Info.plist */,
				6AFF5BF81D6E424B00AB3073 /* CDVLaunchScreen.storyboard */,
			);
			name = Resources;
			path = "HelloCordova/Resources";
			sourceTree = "<group>";
		};
		29B97323FDCFA39411CA2CEA /* Frameworks */ = {
			isa = PBXGroup;
			children = (
				8452E31C51DF49B5BEC155DE /* ImageIO.framework */,
				999757807D584E2EA82293B9 /* CoreLocation.framework */,
				C111FF716526482E94426F3F /* AVFoundation.framework */,
			);
			name = Frameworks;
			sourceTree = "<group>";
		};
		301BF52E109A57CC0062928A /* Products */ = {
			isa = PBXGroup;
			children = (
				301BF535109A57CC0062928A /* libCordova.a */,
			);
			name = Products;
			sourceTree = "<group>";
		};
		3047A50E1AB8057F00498E2A /* config */ = {
			isa = PBXGroup;
			children = (
				3047A50F1AB8059700498E2A /* build-debug.xcconfig */,
				3047A5101AB8059700498E2A /* build-release.xcconfig */,
				3047A5111AB8059700498E2A /* build.xcconfig */,
			);
			name = config;
			sourceTree = "<group>";
		};
		307C750510C5A3420062BCA9 /* Plugins */ = {
			isa = PBXGroup;
			children = (
				270E6FD4E6CE427CA83BE3F5 /* HCPPlugin.m */,
				DFA63C2E2FD94B97844895B5 /* HCPApplicationConfig.m */,
				795C0CA054AB407983E68E02 /* HCPContentConfig.m */,
				6F05B53FD2444CC09024A253 /* HCPContentManifest.m */,
				AA1D630CDD134BB883A78792 /* HCPPluginInternalPreferences.m */,
				679C40DCE8CF434C9D514697 /* HCPXmlConfig.m */,
				37293D4F11434E71982C4D2C /* HCPXmlTags.m */,
				04FF6DCAFC9145A2BF383AB3 /* HCPXmlConfigParser.m */,
				79DF76FF7F9142C8B195B0D3 /* HCPEvents.m */,
				9BE5D9AC7400407BB3A9FF1F /* CDVPluginResult+HCPEvents.m */,
				3C25E5BBF66243EAA426D0A0 /* HCPFilesStructure.m */,
				548F04015E6D40969A4CCCE0 /* HCPManifestDiff.m */,
				3A3BA6D5A54B416DBFE02C11 /* HCPManifestFile.m */,
				98F32AA7DC0242649702E3BF /* HCPFileDownloader.m */,
				35715B03768A4A9C9CE1AE84 /* HCPDataDownloader.m */,
				C6332489333145BD8508D121 /* HCPApplicationConfigStorage.m */,
				285DEE524AE443D2AEC9367B /* HCPConfigStorageImpl.m */,
				DB54EB3C41114A4C927DD696 /* HCPContentManifestStorage.m */,
				C013D529FBF74D17B6CE6AC4 /* HCPPluginInternalPreferences+UserDefaults.m */,
				3CEF1461A19B4435BE77A444 /* HCPFetchUpdateOptions.m */,
				F6802C095B164B769CC2B71C /* HCPInstallationWorker.m */,
				3EA57BF98C3C426AAB43F696 /* HCPUpdateInstaller.m */,
				B411F2BB97FA49F9A93CF12F /* HCPUpdateLoader.m */,
				06E9EEBD5DFE4719A4F4ED9E /* HCPUpdateLoaderWorker.m */,
				174AC32019454CEC9F64848B /* HCPUpdateRequest.m */,
				C6CD8085953740C2BE4DDEDD /* HCPCleanupHelper.m */,
				3B462611FB51452FB3E7D165 /* NSBundle+HCPExtension.m */,
				1B8EF54ECFFF4AB7A359F57D /* NSData+HCPMD5.m */,
				A360F079F7C34A0F869E538C /* NSError+HCPExtension.m */,
				E676F5AF79F84BC7A3DA5547 /* NSFileManager+HCPExtension.m */,
				F752ECE5D8A34D439D64542F /* NSJSONSerialization+HCPExtension.m */,
				CD8A9F2035964FD3A18548A0 /* HCPAppUpdateRequestAlertDialog.m */,
				1EAF3EFF3AF14470AF4BAA8F /* HCPAssetsFolderHelper.m */,
				12CB09875EF44A948F1A460E /* CDVWKWebViewEngine+HCPPlugin_ReadAccessURL.m */,
				8F2E98EB92DE4B60905BBDCF /* HCPPlugin.h */,
				333884505F73409B8F8038E3 /* HCPApplicationConfig.h */,
				65E23C1CD4274FF086ABB0B8 /* HCPContentConfig.h */,
				ECD44F34CE154448B81423AD /* HCPContentManifest.h */,
				39FA60ED5CA04EEFBD393E56 /* HCPPluginInternalPreferences.h */,
				1AF09023F50940D48A383A2E /* HCPXmlConfig.h */,
				D6CFA69B54E54F5DBAD6E2C3 /* HCPXmlTags.h */,
				4456759EF97B4856B1CF337A /* HCPXmlConfigParser.h */,
				A46D865BF5C34DD5B39489B1 /* HCPEvents.h */,
				4BCE0EE6E3BF403A812903E7 /* CDVPluginResult+HCPEvents.h */,
				48A8F44A5E8A40A8B0B0E2C3 /* HCPFilesStructure.h */,
				3859C9D34886480989CA73EF /* HCPJsonConvertable.h */,
				58564AECC5EA475591A8AB15 /* HCPManifestDiff.h */,
				6E6EE790BE934D0A838A28C0 /* HCPManifestFile.h */,
				1E26508AA39D49F698486D70 /* HCPFileDownloader.h */,
				DB0C55E7ACD74173B8745127 /* HCPDataDownloader.h */,
				4BC5990CC75E440F9F1503BE /* HCPApplicationConfigStorage.h */,
				0E225CF3FEE948F880430973 /* HCPConfigFileStorage.h */,
				1E0ECB1942D04026A30EA03F /* HCPConfigStorageImpl.h */,
				CC8C7CBF409B4B45958A14AB /* HCPContentManifestStorage.h */,
				1A3AAD5E279C4581AFD74506 /* HCPPluginInternalPreferences+UserDefaults.h */,
				6B7DFD60F54D4EA69D13B482 /* HCPFetchUpdateOptions.h */,
				1F0A2B5F9EF5481CACF3EB24 /* HCPInstallationWorker.h */,
				D3967A5465F14E978B65E8D6 /* HCPUpdateInstaller.h */,
				662FC3CE67464E249576C533 /* HCPUpdateLoader.h */,
				FCFA68BA08C146DBBF074B65 /* HCPUpdateLoaderWorker.h */,
				1E239C36B9DF427EAEBDA23F /* HCPUpdateRequest.h */,
				14FF3B59488347D58A8E531C /* HCPWorker.h */,
				030E8F5AAEFE483AB3C03B8D /* HCPCleanupHelper.h */,
				0E36B44ADA254FA8AB3A9452 /* NSBundle+HCPExtension.h */,
				49DDE6570AF8414D86886CC2 /* NSData+HCPMD5.h */,
				6CF63650B8E34E86BCA53763 /* NSError+HCPExtension.h */,
				1410A158DD2048AD99AE225C /* NSFileManager+HCPExtension.h */,
				3917820E184642D1AF57B688 /* NSJSONSerialization+HCPExtension.h */,
				04EAD9466D004CF0A34C81EF /* HCPAppUpdateRequestAlertDialog.h */,
				93C3E2B7D7134C24B7731322 /* HCPAssetsFolderHelper.h */,
				B82B7E415730455083C3D4F8 /* CDVWKWebViewEngine+HCPPlugin_ReadAccessURL.h */,
				F7D72F4A38A44F5BABE29E84 /* UIImage+CropScaleOrientation.m */,
				3589C8CF50114633A8C3171D /* CDVCamera.m */,
				543736619A7D4E2DBEC6D7AE /* CDVJpegHeaderWriter.m */,
				AB1A618B065F4AF5AFCC7001 /* UIImage+CropScaleOrientation.h */,
				FC00DAC929D6403BB0CA4456 /* CDVCamera.h */,
				988FA3C645DD465A9522D4FD /* CDVJpegHeaderWriter.h */,
				F713D9B9FD3E40E8B043A710 /* CDVExif.h */,
			);
			name = Plugins;
			path = "HelloCordova/Plugins";
			sourceTree = SOURCE_ROOT;
		};
		EB87FDF11871DA420020F90C /* Staging */ = {
			isa = PBXGroup;
			children = (
				F840E1F0165FE0F500CFE078 /* config.xml */,
				301BF56E109A69640062928A /* www */,
			);
			name = Staging;
			sourceTree = "<group>";
		};
/* End PBXGroup section */

/* Begin PBXNativeTarget section */
		1D6058900D05DD3D006BFB54 /* HelloCordova */ = {
			isa = PBXNativeTarget;
			buildConfigurationList = 1D6058960D05DD3E006BFB54 /* Build configuration list for PBXNativeTarget "HelloCordova" */;
			buildPhases = (
				304B58A110DAC018002A0835 /* Copy www directory */,
				1D60588D0D05DD3D006BFB54 /* Resources */,
				1D60588E0D05DD3D006BFB54 /* Sources */,
				1D60588F0D05DD3D006BFB54 /* Frameworks */,
			);
			buildRules = (
			);
			dependencies = (
				301BF551109A68C00062928A /* PBXTargetDependency */,
			);
			name = "HelloCordova";
			productName = "HelloCordova";
			productReference = 1D6058910D05DD3D006BFB54 /* HelloCordova.app */;
			productType = "com.apple.product-type.application";
		};
/* End PBXNativeTarget section */

/* Begin PBXProject section */
		29B97313FDCFA39411CA2CEA /* Project object */ = {
			isa = PBXProject;
			attributes = {
				LastUpgradeCheck = 510;
			};
			buildConfigurationList = C01FCF4E08A954540054247B /* Build configuration list for PBXProject "__NON-CLI__" */;
			compatibilityVersion = "Xcode 3.2";
			developmentRegion = English;
			hasScannedForEncodings = 1;
			mainGroup = 29B97314FDCFA39411CA2CEA /* CustomTemplate */;
			projectDirPath = "";
			projectReferences = (
				{
					ProductGroup = 301BF52E109A57CC0062928A /* Products */;
					ProjectRef = 301BF52D109A57CC0062928A /* CordovaLib.xcodeproj */;
				},
			);
			projectRoot = "";
			targets = (
				1D6058900D05DD3D006BFB54 /* HelloCordova */,
			);
		};
/* End PBXProject section */

/* Begin PBXReferenceProxy section */
		301BF535109A57CC0062928A /* libCordova.a */ = {
			isa = PBXReferenceProxy;
			fileType = archive.ar;
			path = libCordova.a;
			remoteRef = 301BF534109A57CC0062928A /* PBXContainerItemProxy */;
			sourceTree = BUILT_PRODUCTS_DIR;
		};
/* End PBXReferenceProxy section */

/* Begin PBXResourcesBuildPhase section */
		1D60588D0D05DD3D006BFB54 /* Resources */ = {
			isa = PBXResourcesBuildPhase;
			buildActionMask = 2147483647;
			files = (
				302D95F214D2391D003F00A1 /* MainViewController.xib in Resources */,
				0207DA581B56EA530066E2B4 /* Images.xcassets in Resources */,
				6AFF5BF91D6E424B00AB3073 /* CDVLaunchScreen.storyboard in Resources */,
			);
			runOnlyForDeploymentPostprocessing = 0;
		};
/* End PBXResourcesBuildPhase section */

/* Begin PBXShellScriptBuildPhase section */
		304B58A110DAC018002A0835 /* Copy www directory */ = {
			isa = PBXShellScriptBuildPhase;
			buildActionMask = 2147483647;
			files = (
			);
			inputPaths = (
			);
			name = "Copy www directory";
			outputPaths = (
			);
			runOnlyForDeploymentPostprocessing = 0;
			shellPath = /bin/sh;
			shellScript = "NODEJS_PATH=/usr/local/bin; NVM_NODE_PATH=~/.nvm/versions/node/`nvm version 2>/dev/null`/bin; N_NODE_PATH=`find /usr/local/n/versions/node/* -maxdepth 0 -type d 2>/dev/null | tail -1`/bin; XCODE_NODE_PATH=`xcode-select --print-path`/usr/share/xcs/Node/bin; PATH=$NODEJS_PATH:$NVM_NODE_PATH:$N_NODE_PATH:$XCODE_NODE_PATH:$PATH && node cordova/lib/copy-www-build-step.js";
			showEnvVarsInLog = 0;
		};
/* End PBXShellScriptBuildPhase section */

/* Begin PBXSourcesBuildPhase section */
		1D60588E0D05DD3D006BFB54 /* Sources */ = {
			isa = PBXSourcesBuildPhase;
			buildActionMask = 2147483647;
			files = (
				1D60589B0D05DD56006BFB54 /* main.m in Sources */,
				1D3623260D0F684500981E51 /* AppDelegate.m in Sources */,
				302D95F114D2391D003F00A1 /* MainViewController.m in Sources */,
				541CA9579C8049D6835A2D7D /* HCPPlugin.m in Sources */,
				D788DCC839574BD79545E441 /* HCPApplicationConfig.m in Sources */,
				1CBB0834FA504234B2324F32 /* HCPContentConfig.m in Sources */,
				018E69064ECF439D9460516D /* HCPContentManifest.m in Sources */,
				25F2D44B780640E0A6875C8F /* HCPPluginInternalPreferences.m in Sources */,
				12504383632446F0B92C48A5 /* HCPXmlConfig.m in Sources */,
				6C101EF3B8EA47C38012A0F4 /* HCPXmlTags.m in Sources */,
				7B9F23FF829B4BA9A0504803 /* HCPXmlConfigParser.m in Sources */,
				6341CAB7109E46EC88FC4122 /* HCPEvents.m in Sources */,
				63C995F0C3DC4D8FAC3C7CF6 /* CDVPluginResult+HCPEvents.m in Sources */,
				AB9B04143C5C4F65AEE56F32 /* HCPFilesStructure.m in Sources */,
				B3CB570BA7034EAF8B1EFCBC /* HCPManifestDiff.m in Sources */,
				1D84597C2006470E9EDAEAA9 /* HCPManifestFile.m in Sources */,
				ABD698129A6046D38AE19743 /* HCPFileDownloader.m in Sources */,
				DE2FE132C6DA4A49AE9039B4 /* HCPDataDownloader.m in Sources */,
				35AF86CF6932490793964856 /* HCPApplicationConfigStorage.m in Sources */,
				D48FD6D54BAA4293BF5A9358 /* HCPConfigStorageImpl.m in Sources */,
				C08461672E83426F9D388B4B /* HCPContentManifestStorage.m in Sources */,
				6C0C33AF4A5248AF8D5BFA99 /* HCPPluginInternalPreferences+UserDefaults.m in Sources */,
				3EA3192ABD3C4641BA295766 /* HCPFetchUpdateOptions.m in Sources */,
				ED52E4AF34F44AC4948A0EB5 /* HCPInstallationWorker.m in Sources */,
				19A8CE6696594EA98F924027 /* HCPUpdateInstaller.m in Sources */,
				9B96247118694AFB962C7388 /* HCPUpdateLoader.m in Sources */,
				C4D7C7D8A20742D1922B578B /* HCPUpdateLoaderWorker.m in Sources */,
				67CF2D519E1F44DDAA1600DE /* HCPUpdateRequest.m in Sources */,
				B307C43902D84571A627EFA9 /* HCPCleanupHelper.m in Sources */,
				2E646C28215D439AA94D9980 /* NSBundle+HCPExtension.m in Sources */,
				DC744BDB285B42CA8F855646 /* NSData+HCPMD5.m in Sources */,
				32B23189ECB7429CB42117CF /* NSError+HCPExtension.m in Sources */,
				C12E5FFC9BE046E2B497EB8A /* NSFileManager+HCPExtension.m in Sources */,
				5C5061F9A6C24994826BB013 /* NSJSONSerialization+HCPExtension.m in Sources */,
				EB4DB1FC391B4D2E89C87803 /* HCPAppUpdateRequestAlertDialog.m in Sources */,
				410B323B613049A39ABE2EAA /* HCPAssetsFolderHelper.m in Sources */,
				676AB25D5C414B9880A28854 /* CDVWKWebViewEngine+HCPPlugin_ReadAccessURL.m in Sources */,
				301FFD1A193447FA8335F493 /* UIImage+CropScaleOrientation.m in Sources */,
				5DA4C00825F04E11A47B03F1 /* CDVCamera.m in Sources */,
				AE32FEC5D046476BAE41F8E9 /* CDVJpegHeaderWriter.m in Sources */,
			);
			runOnlyForDeploymentPostprocessing = 0;
		};
/* End PBXSourcesBuildPhase section */

/* Begin PBXTargetDependency section */
		301BF551109A68C00062928A /* PBXTargetDependency */ = {
			isa = PBXTargetDependency;
			name = CordovaLib;
			targetProxy = 301BF550109A68C00062928A /* PBXContainerItemProxy */;
		};
/* End PBXTargetDependency section */

/* Begin XCBuildConfiguration section */
		1D6058940D05DD3E006BFB54 /* Debug */ = {
			isa = XCBuildConfiguration;
			baseConfigurationReference = 3047A50F1AB8059700498E2A /* build-debug.xcconfig */;
			buildSettings = {
				ALWAYS_SEARCH_USER_PATHS = NO;
				ASSETCATALOG_COMPILER_APPICON_NAME = AppIcon;
				ASSETCATALOG_COMPILER_LAUNCHIMAGE_NAME = LaunchImage;
				CLANG_ENABLE_MODULES = YES;
				CLANG_ENABLE_OBJC_ARC = YES;
				COPY_PHASE_STRIP = NO;
				GCC_DYNAMIC_NO_PIC = NO;
				GCC_OPTIMIZATION_LEVEL = 0;
				GCC_PRECOMPILE_PREFIX_HEADER = YES;
				GCC_PREFIX_HEADER = "HelloCordova/HelloCordova-Prefix.pch";
				GCC_THUMB_SUPPORT = NO;
				GCC_VERSION = "";
				INFOPLIST_FILE = "HelloCordova/HelloCordova-Info.plist";
				IPHONEOS_DEPLOYMENT_TARGET = 9.0;
				LD_RUNPATH_SEARCH_PATHS = "@executable_path/Frameworks";
				TARGETED_DEVICE_FAMILY = "1,2";
				PRODUCT_NAME = "HelloCordova";
			};
			name = Debug;
		};
		1D6058950D05DD3E006BFB54 /* Release */ = {
			isa = XCBuildConfiguration;
			baseConfigurationReference = 3047A5101AB8059700498E2A /* build-release.xcconfig */;
			buildSettings = {
				ALWAYS_SEARCH_USER_PATHS = NO;
				ASSETCATALOG_COMPILER_APPICON_NAME = AppIcon;
				ASSETCATALOG_COMPILER_LAUNCHIMAGE_NAME = LaunchImage;
				CLANG_ENABLE_MODULES = YES;
				CLANG_ENABLE_OBJC_ARC = YES;
				COPY_PHASE_STRIP = YES;
				GCC_PRECOMPILE_PREFIX_HEADER = YES;
				GCC_PREFIX_HEADER = "HelloCordova/HelloCordova-Prefix.pch";
				GCC_THUMB_SUPPORT = NO;
				GCC_VERSION = "";
				INFOPLIST_FILE = "HelloCordova/HelloCordova-Info.plist";
				IPHONEOS_DEPLOYMENT_TARGET = 9.0;
				LD_RUNPATH_SEARCH_PATHS = "@executable_path/Frameworks";
				TARGETED_DEVICE_FAMILY = "1,2";
				PRODUCT_NAME = "HelloCordova";
			};
			name = Release;
		};
		C01FCF4F08A954540054247B /* Debug */ = {
			isa = XCBuildConfiguration;
			baseConfigurationReference = 3047A5111AB8059700498E2A /* build.xcconfig */;
			buildSettings = {
				CLANG_ENABLE_MODULES = YES;
				CLANG_ENABLE_OBJC_ARC = YES;
				CLANG_WARN_BOOL_CONVERSION = YES;
				CLANG_WARN_CONSTANT_CONVERSION = YES;
				CLANG_WARN_EMPTY_BODY = YES;
				CLANG_WARN_ENUM_CONVERSION = YES;
				CLANG_WARN_INT_CONVERSION = YES;
				CLANG_WARN__DUPLICATE_METHOD_MATCH = YES;
				GCC_C_LANGUAGE_STANDARD = c99;
				GCC_THUMB_SUPPORT = NO;
				GCC_VERSION = "";
				GCC_WARN_ABOUT_RETURN_TYPE = YES;
				GCC_WARN_UNDECLARED_SELECTOR = YES;
				GCC_WARN_UNINITIALIZED_AUTOS = YES;
				GCC_WARN_UNUSED_FUNCTION = YES;
				GCC_WARN_UNUSED_VARIABLE = YES;
				ONLY_ACTIVE_ARCH = YES;
				SDKROOT = iphoneos;
				SKIP_INSTALL = NO;
			};
			name = Debug;
		};
		C01FCF5008A954540054247B /* Release */ = {
			isa = XCBuildConfiguration;
			baseConfigurationReference = 3047A5111AB8059700498E2A /* build.xcconfig */;
			buildSettings = {
				CLANG_ENABLE_MODULES = YES;
				CLANG_ENABLE_OBJC_ARC = YES;
				CLANG_WARN_BOOL_CONVERSION = YES;
				CLANG_WARN_CONSTANT_CONVERSION = YES;
				CLANG_WARN_EMPTY_BODY = YES;
				CLANG_WARN_ENUM_CONVERSION = YES;
				CLANG_WARN_INT_CONVERSION = YES;
				CLANG_WARN__DUPLICATE_METHOD_MATCH = YES;
				GCC_C_LANGUAGE_STANDARD = c99;
				GCC_THUMB_SUPPORT = NO;
				GCC_VERSION = "";
				GCC_WARN_ABOUT_RETURN_TYPE = YES;
				GCC_WARN_UNDECLARED_SELECTOR = YES;
				GCC_WARN_UNINITIALIZED_AUTOS = YES;
				GCC_WARN_UNUSED_FUNCTION = YES;
				GCC_WARN_UNUSED_VARIABLE = YES;
				SDKROOT = iphoneos;
				SKIP_INSTALL = NO;
			};
			name = Release;
		};
/* End XCBuildConfiguration section */

/* Begin XCConfigurationList section */
		1D6058960D05DD3E006BFB54 /* Build configuration list for PBXNativeTarget "HelloCordova" */ = {
			isa = XCConfigurationList;
			buildConfigurations = (
				1D6058940D05DD3E006BFB54 /* Debug */,
				1D6058950D05DD3E006BFB54 /* Release */,
			);
			defaultConfigurationIsVisible = 0;
			defaultConfigurationName = Release;
		};
		C01FCF4E08A954540054247B /* Build configuration list for PBXProject "__NON-CLI__" */ = {
			isa = XCConfigurationList;
			buildConfigurations = (
				C01FCF4F08A954540054247B /* Debug */,
				C01FCF5008A954540054247B /* Release */,
			);
			defaultConfigurationIsVisible = 0;
			defaultConfigurationName = Release;
		};
/* End XCConfigurationList section */
	};
	rootObject = 29B97313FDCFA39411CA2CEA /* Project object */;
}
