// !$*UTF8*$!
{
	archiveVersion = 1;
	classes = {
	};
	objectVersion = 46;
	objects = {
/* Begin PBXBuildFile section */
		0207DA581B56EA530066E2B4 /* Images.xcassets in Resources */ = {isa = PBXBuildFile; fileRef = 0207DA571B56EA530066E2B4 /* Images.xcassets */; };
		1D3623260D0F684500981E51 /* AppDelegate.m in Sources */ = {isa = PBXBuildFile; fileRef = 1D3623250D0F684500981E51 /* AppDelegate.m */; };
		1D60589B0D05DD56006BFB54 /* main.m in Sources */ = {isa = PBXBuildFile; fileRef = 29B97316FDCFA39411CA2CEA /* main.m */; };
		301BF552109A68D80062928A /* libCordova.a in Frameworks */ = {isa = PBXBuildFile; fileRef = 301BF535109A57CC0062928A /* libCordova.a */; };
		302D95F114D2391D003F00A1 /* MainViewController.m in Sources */ = {isa = PBXBuildFile; fileRef = 302D95EF14D2391D003F00A1 /* MainViewController.m */; };
		302D95F214D2391D003F00A1 /* MainViewController.xib in Resources */ = {isa = PBXBuildFile; fileRef = 302D95F014D2391D003F00A1 /* MainViewController.xib */; };
		3047A5121AB8059700498E2A /* build-debug.xcconfig in Resources */ = {isa = PBXBuildFile; fileRef = 3047A50F1AB8059700498E2A /* build-debug.xcconfig */; };
		3047A5131AB8059700498E2A /* build-release.xcconfig in Resources */ = {isa = PBXBuildFile; fileRef = 3047A5101AB8059700498E2A /* build-release.xcconfig */; };
		3047A5141AB8059700498E2A /* build.xcconfig in Resources */ = {isa = PBXBuildFile; fileRef = 3047A5111AB8059700498E2A /* build.xcconfig */; };
		6AFF5BF91D6E424B00AB3073 /* CDVLaunchScreen.storyboard in Resources */ = {isa = PBXBuildFile; fileRef = 6AFF5BF81D6E424B00AB3073 /* CDVLaunchScreen.storyboard */; };
		6D95EDD63196444FAB4D8551 /* HCPPlugin.m in Sources */ = {isa = PBXBuildFile; fileRef = EDF931193E3C44D280B4F61C /* HCPPlugin.m */; };
		C3868F8FFF8C4C6099BC77F4 /* HCPApplicationConfig.m in Sources */ = {isa = PBXBuildFile; fileRef = EC28BF44A1EE414A9718481E /* HCPApplicationConfig.m */; };
		3D9F76747F43472BBF31D7C0 /* HCPContentConfig.m in Sources */ = {isa = PBXBuildFile; fileRef = CACBE76B8FD847F8B11EF124 /* HCPContentConfig.m */; };
		91F115D6799149C8A5B66E7B /* HCPContentManifest.m in Sources */ = {isa = PBXBuildFile; fileRef = D21FC45DDF054101A04E0B57 /* HCPContentManifest.m */; };
		40D88CA656944B789F68020C /* HCPPluginInternalPreferences.m in Sources */ = {isa = PBXBuildFile; fileRef = A84BB4872C864DAAB61D2199 /* HCPPluginInternalPreferences.m */; };
		7EAB54F6C851497E83DB00DD /* HCPXmlConfig.m in Sources */ = {isa = PBXBuildFile; fileRef = ADB7ECB69211494B85A23C21 /* HCPXmlConfig.m */; };
		8A5D2A0808F74ED29E50A180 /* HCPXmlTags.m in Sources */ = {isa = PBXBuildFile; fileRef = 7B833513A8D4432C8D17B116 /* HCPXmlTags.m */; };
		801917888B3E4803A67422F0 /* HCPXmlConfigParser.m in Sources */ = {isa = PBXBuildFile; fileRef = 8D12DC1AFE2F45098D572ADE /* HCPXmlConfigParser.m */; };
		FA539A8D642C497683881B00 /* HCPEvents.m in Sources */ = {isa = PBXBuildFile; fileRef = CFB1B1924EBF4F95A5FBA759 /* HCPEvents.m */; };
		4E3DE233BF334594A16AD9EE /* CDVPluginResult+HCPEvents.m in Sources */ = {isa = PBXBuildFile; fileRef = 72A8E5B4F1C24D04A1A86BE0 /* CDVPluginResult+HCPEvents.m */; };
		F2EC80E0D1444A1FBFE6E05F /* HCPFilesStructure.m in Sources */ = {isa = PBXBuildFile; fileRef = 65E408468C3C461C93A82E36 /* HCPFilesStructure.m */; };
		910248C4E3EB40C595A94B8A /* HCPManifestDiff.m in Sources */ = {isa = PBXBuildFile; fileRef = 9A101C888DD64A1C82F8E4CE /* HCPManifestDiff.m */; };
		71F0CB70A856432F9BE87778 /* HCPManifestFile.m in Sources */ = {isa = PBXBuildFile; fileRef = C71606C507F741DB8C06E13A /* HCPManifestFile.m */; };
		E514AE8EF3974D239CA59CCB /* HCPFileDownloader.m in Sources */ = {isa = PBXBuildFile; fileRef = 1B660E0E6050407D9AD5A761 /* HCPFileDownloader.m */; };
		898C7093B3034944B02235FB /* HCPDataDownloader.m in Sources */ = {isa = PBXBuildFile; fileRef = C21C349E496C40A7B71B6981 /* HCPDataDownloader.m */; };
		D207D9DFE36043F598B2383D /* HCPApplicationConfigStorage.m in Sources */ = {isa = PBXBuildFile; fileRef = CECB802B3C034BFCAB2ABC7D /* HCPApplicationConfigStorage.m */; };
		4D64F8155A084A0E981DAA23 /* HCPConfigStorageImpl.m in Sources */ = {isa = PBXBuildFile; fileRef = 9B94D9EDEB4F4468BA8DD912 /* HCPConfigStorageImpl.m */; };
		9F458A7DDC6B4BB59FB1BFEC /* HCPContentManifestStorage.m in Sources */ = {isa = PBXBuildFile; fileRef = 2FD4DA631685467FA7EA68D7 /* HCPContentManifestStorage.m */; };
		B848906434D14ACCB167447E /* HCPPluginInternalPreferences+UserDefaults.m in Sources */ = {isa = PBXBuildFile; fileRef = A76025B5AA1E4C19AD4BD73E /* HCPPluginInternalPreferences+UserDefaults.m */; };
		17C19C2C8B804FE8BA5E511F /* HCPFetchUpdateOptions.m in Sources */ = {isa = PBXBuildFile; fileRef = E2FE5CD631D4432FA99BA26E /* HCPFetchUpdateOptions.m */; };
		CD0BAD5A4BC84C46BB6F4B97 /* HCPInstallationWorker.m in Sources */ = {isa = PBXBuildFile; fileRef = 4997D375A09945BBB18D22FA /* HCPInstallationWorker.m */; };
		7998577C4EE74B8EAE9847BE /* HCPUpdateInstaller.m in Sources */ = {isa = PBXBuildFile; fileRef = C3E0225783A346D58484303D /* HCPUpdateInstaller.m */; };
		FB9498A99A654E8C8840D404 /* HCPUpdateLoader.m in Sources */ = {isa = PBXBuildFile; fileRef = 5B37B53112F44B49A38BDCBB /* HCPUpdateLoader.m */; };
		F36013FA28D64826B2EC8FAF /* HCPUpdateLoaderWorker.m in Sources */ = {isa = PBXBuildFile; fileRef = 366E6A3CCBBE48E1A61F1033 /* HCPUpdateLoaderWorker.m */; };
		E95EE0F163CD41EEA1A84B2B /* HCPUpdateRequest.m in Sources */ = {isa = PBXBuildFile; fileRef = DA96C0F701C84916BBDE48A4 /* HCPUpdateRequest.m */; };
		82ADD29398684A998C6D7B86 /* HCPCleanupHelper.m in Sources */ = {isa = PBXBuildFile; fileRef = 4F4725E181C941D5BC7204F7 /* HCPCleanupHelper.m */; };
		54D5A8F306484496B3D7E5E9 /* NSBundle+HCPExtension.m in Sources */ = {isa = PBXBuildFile; fileRef = 79837D8CC3224622B354B677 /* NSBundle+HCPExtension.m */; };
		14214A37823B41CBAC766697 /* NSData+HCPMD5.m in Sources */ = {isa = PBXBuildFile; fileRef = 5C472D596B0A46E49FB0B531 /* NSData+HCPMD5.m */; };
		0A2543B75A244D5087EE4DCA /* NSError+HCPExtension.m in Sources */ = {isa = PBXBuildFile; fileRef = 3CF850296C99447FA2129BF7 /* NSError+HCPExtension.m */; };
		D0E8B6AEE80C468B8828BFD3 /* NSFileManager+HCPExtension.m in Sources */ = {isa = PBXBuildFile; fileRef = 925F7A7546E042FB8C5C3D1B /* NSFileManager+HCPExtension.m */; };
		33A3D596C0434A66974E2262 /* NSJSONSerialization+HCPExtension.m in Sources */ = {isa = PBXBuildFile; fileRef = 33271A14A0CD4A73A1E1E165 /* NSJSONSerialization+HCPExtension.m */; };
		10CB623E01CD4A4BB0E87018 /* HCPAppUpdateRequestAlertDialog.m in Sources */ = {isa = PBXBuildFile; fileRef = CECA65883AEF4AE191D96959 /* HCPAppUpdateRequestAlertDialog.m */; };
		793A9658085747A79CE1C991 /* HCPAssetsFolderHelper.m in Sources */ = {isa = PBXBuildFile; fileRef = EA8C3C6975E4417995EE12E4 /* HCPAssetsFolderHelper.m */; };
		88256CB6A6154037A303041E /* CDVWKWebViewEngine+HCPPlugin_ReadAccessURL.m in Sources */ = {isa = PBXBuildFile; fileRef = 2CF57C138C7C4E92AD1C9E28 /* CDVWKWebViewEngine+HCPPlugin_ReadAccessURL.m */; };
		BD90658C7DA945C680769FF4 /* UIImage+CropScaleOrientation.m in Sources */ = {isa = PBXBuildFile; fileRef = 83BD094ED26349988475BCD3 /* UIImage+CropScaleOrientation.m */; };
		0596AF9822864752831E4C6C /* CDVCamera.m in Sources */ = {isa = PBXBuildFile; fileRef = 1788E2906F4646C59FCECA1D /* CDVCamera.m */; };
		377FCD8A68974E548787994D /* CDVJpegHeaderWriter.m in Sources */ = {isa = PBXBuildFile; fileRef = 0BE5D976CDF14A72983A2F51 /* CDVJpegHeaderWriter.m */; };
		80B679EF26904B27B2A34257 /* ImageIO.framework in Frameworks */ = {isa = PBXBuildFile; fileRef = 763A4B655243419BB59A2033 /* ImageIO.framework */; settings = {ATTRIBUTES = (Weak, ); }; };
		1CF270B467544E5D884D3A6F /* CoreLocation.framework in Frameworks */ = {isa = PBXBuildFile; fileRef = 2786AB2D08444E1990140ACF /* CoreLocation.framework */; };
		E7DF30EA6B1C46188874ED82 /* AVFoundation.framework in Frameworks */ = {isa = PBXBuildFile; fileRef = 1F029A78F66E4CD398644539 /* AVFoundation.framework */; };
		4DB8FC15EE454DDFB61B1031 /* HCPLDPlugin.m in Sources */ = {isa = PBXBuildFile; fileRef = CF2E5D6322C741448A270723 /* HCPLDPlugin.m */; };
		27E9FBB2370D4ED9AA3F0251 /* HCPLDOptions.m in Sources */ = {isa = PBXBuildFile; fileRef = 9906C5D6BC2F4AED92279DD2 /* HCPLDOptions.m */; };
		FEF94AF2797C496BBD196994 /* HCPLDXmlConfig.m in Sources */ = {isa = PBXBuildFile; fileRef = 34D30B22547C435CA4860458 /* HCPLDXmlConfig.m */; };
		ADF1D4E7DE5448DCA600CBB7 /* HCPLDXmlConfigParser.m in Sources */ = {isa = PBXBuildFile; fileRef = EE99C572F7B9426F8FB5CEEA /* HCPLDXmlConfigParser.m */; };
		57647C05F7594B7D982A5590 /* HCPLDXmlTags.m in Sources */ = {isa = PBXBuildFile; fileRef = 03F685D89B744DB99193114B /* HCPLDXmlTags.m */; };
		7916697246DF4576BB74E3E8 /* SocketAckEmitter.swift in Sources */ = {isa = PBXBuildFile; fileRef = 160D2E67815746B485AA4560 /* SocketAckEmitter.swift */; };
		B71253ED96084AC2B426D77F /* SocketAckManager.swift in Sources */ = {isa = PBXBuildFile; fileRef = 41DE138688B04BDFADF6C376 /* SocketAckManager.swift */; };
		5D38F015DF0245FBBA324B95 /* SocketAnyEvent.swift in Sources */ = {isa = PBXBuildFile; fileRef = EA91E193AE044980AD32E3E9 /* SocketAnyEvent.swift */; };
		BAA9FD0395B34E3C98735BC0 /* SocketClientManager.swift in Sources */ = {isa = PBXBuildFile; fileRef = 4ACF904D65534B9B937781BF /* SocketClientManager.swift */; };
		D3786B0184CD4E4AA57840A3 /* SocketEngine.swift in Sources */ = {isa = PBXBuildFile; fileRef = 717BADE040BC4A6C9CD77B8F /* SocketEngine.swift */; };
		1158065FD051491EA68069DA /* SocketEngineClient.swift in Sources */ = {isa = PBXBuildFile; fileRef = C7F8D66545044748805BC5D4 /* SocketEngineClient.swift */; };
		654913B373444E70ACD0E9DD /* SocketEnginePacketType.swift in Sources */ = {isa = PBXBuildFile; fileRef = 02A5A6E36C86470A8E0D6272 /* SocketEnginePacketType.swift */; };
		1FFEFA0274394B5DACC60C82 /* SocketEnginePollable.swift in Sources */ = {isa = PBXBuildFile; fileRef = 3C5231FDA2BD4CD88451CEC0 /* SocketEnginePollable.swift */; };
		B26E0EE588C44BB78E683A04 /* SocketEngineSpec.swift in Sources */ = {isa = PBXBuildFile; fileRef = B3CC92EBCF364DA59E60A729 /* SocketEngineSpec.swift */; };
		FD91280FC444477196245BF3 /* SocketEngineWebsocket.swift in Sources */ = {isa = PBXBuildFile; fileRef = 27B4B1038D0B49D2AB7EF9B8 /* SocketEngineWebsocket.swift */; };
		E178FF1CE49D442EBD509601 /* SocketEventHandler.swift in Sources */ = {isa = PBXBuildFile; fileRef = 380B0DD21A274757A33A33E2 /* SocketEventHandler.swift */; };
		2C53635545244D068E95B1C9 /* SocketExtensions.swift in Sources */ = {isa = PBXBuildFile; fileRef = 38ECAC1356FD4276A134455F /* SocketExtensions.swift */; };
		3FAA5220DAE94DCF85A87BB0 /* SocketIOClient.swift in Sources */ = {isa = PBXBuildFile; fileRef = BF82025186F74552A7B70960 /* SocketIOClient.swift */; };
		AB985EEEFCAB431BBB9FAA1B /* SocketIOClientConfiguration.swift in Sources */ = {isa = PBXBuildFile; fileRef = C412FBA0465A429884165E65 /* SocketIOClientConfiguration.swift */; };
		E7FC9CF2FCDC40DAAAE776FC /* SocketIOClientOption.swift in Sources */ = {isa = PBXBuildFile; fileRef = 5F657431CC214EFAAABC81B8 /* SocketIOClientOption.swift */; };
		1EE718745C024FD19175B0E8 /* SocketIOClientSpec.swift in Sources */ = {isa = PBXBuildFile; fileRef = 7BAAED80CAC5417E96D5E283 /* SocketIOClientSpec.swift */; };
		4245AA6A9AFA43B089C407A7 /* SocketIOClientStatus.swift in Sources */ = {isa = PBXBuildFile; fileRef = 76C6EB4F6AF9403FB1AC589A /* SocketIOClientStatus.swift */; };
		561F90E677534482A38F7AA3 /* SocketLogger.swift in Sources */ = {isa = PBXBuildFile; fileRef = C486909B7B6349B7B40CAF7A /* SocketLogger.swift */; };
		45AAE74741524BB5B9877660 /* SocketPacket.swift in Sources */ = {isa = PBXBuildFile; fileRef = 4EE6CA29CC32459BB0864EAB /* SocketPacket.swift */; };
		D16F6600CE4247B68A7BA7A9 /* SocketParsable.swift in Sources */ = {isa = PBXBuildFile; fileRef = 198A6222E9C84E0AB1FF13B9 /* SocketParsable.swift */; };
		01D35EDA49C5464188C7E278 /* SocketStringReader.swift in Sources */ = {isa = PBXBuildFile; fileRef = 54B71BC9CEAC4CEE9650523B /* SocketStringReader.swift */; };
		4C8CAB9FB1CD4D65A88B8A5E /* SocketTypes.swift in Sources */ = {isa = PBXBuildFile; fileRef = 3BC6BC0DF0B84FCCAB8427A9 /* SocketTypes.swift */; };
		41B09622311F4C7597E3349D /* SSLSecurity.swift in Sources */ = {isa = PBXBuildFile; fileRef = A4B4C3D28B6F423FA9E0A504 /* SSLSecurity.swift */; };
		14C2063B78DD490684843634 /* WebSocket.swift in Sources */ = {isa = PBXBuildFile; fileRef = BE5F9CE0E9404CAFA900030E /* WebSocket.swift */; };
/* End PBXBuildFile section */

/* Begin PBXContainerItemProxy section */
		301BF534109A57CC0062928A /* PBXContainerItemProxy */ = {
			isa = PBXContainerItemProxy;
			containerPortal = 301BF52D109A57CC0062928A /* CordovaLib.xcodeproj */;
			proxyType = 2;
			remoteGlobalIDString = D2AAC07E0554694100DB518D;
			remoteInfo = CordovaLib;
		};
		301BF550109A68C00062928A /* PBXContainerItemProxy */ = {
			isa = PBXContainerItemProxy;
			containerPortal = 301BF52D109A57CC0062928A /* CordovaLib.xcodeproj */;
			proxyType = 1;
			remoteGlobalIDString = D2AAC07D0554694100DB518D;
			remoteInfo = CordovaLib;
		};
/* End PBXContainerItemProxy section */

/* Begin PBXFileReference section */
		0207DA571B56EA530066E2B4 /* Images.xcassets */ = {isa = PBXFileReference; lastKnownFileType = folder.assetcatalog; name = Images.xcassets; path = "HelloCordova/Images.xcassets"; sourceTree = SOURCE_ROOT; };
		1D3623240D0F684500981E51 /* AppDelegate.h */ = {isa = PBXFileReference; fileEncoding = 4; lastKnownFileType = sourcecode.c.h; path = AppDelegate.h; sourceTree = "<group>"; };
		1D3623250D0F684500981E51 /* AppDelegate.m */ = {isa = PBXFileReference; fileEncoding = 4; lastKnownFileType = sourcecode.c.objc; path = AppDelegate.m; sourceTree = "<group>"; };
		1D6058910D05DD3D006BFB54 /* HelloCordova.app */ = {isa = PBXFileReference; explicitFileType = wrapper.application; includeInIndex = 0; path = "HelloCordova.app"; sourceTree = BUILT_PRODUCTS_DIR; };
		29B97316FDCFA39411CA2CEA /* main.m */ = {isa = PBXFileReference; fileEncoding = 4; lastKnownFileType = sourcecode.c.objc; path = main.m; sourceTree = "<group>"; };
		301BF52D109A57CC0062928A /* CordovaLib.xcodeproj */ = {isa = PBXFileReference; lastKnownFileType = "wrapper.pb-project"; path = CordovaLib/CordovaLib.xcodeproj; sourceTree = "<group>"; };
		301BF56E109A69640062928A /* www */ = {isa = PBXFileReference; lastKnownFileType = folder; path = www; sourceTree = SOURCE_ROOT; };
		302D95EE14D2391D003F00A1 /* MainViewController.h */ = {isa = PBXFileReference; fileEncoding = 4; lastKnownFileType = sourcecode.c.h; path = MainViewController.h; sourceTree = "<group>"; };
		302D95EF14D2391D003F00A1 /* MainViewController.m */ = {isa = PBXFileReference; fileEncoding = 4; lastKnownFileType = sourcecode.c.objc; path = MainViewController.m; sourceTree = "<group>"; };
		302D95F014D2391D003F00A1 /* MainViewController.xib */ = {isa = PBXFileReference; fileEncoding = 4; lastKnownFileType = file.xib; path = MainViewController.xib; sourceTree = "<group>"; };
		3047A50F1AB8059700498E2A /* build-debug.xcconfig */ = {isa = PBXFileReference; fileEncoding = 4; lastKnownFileType = text.xcconfig; name = "build-debug.xcconfig"; path = cordova/build-debug.xcconfig; sourceTree = SOURCE_ROOT; };
		3047A5101AB8059700498E2A /* build-release.xcconfig */ = {isa = PBXFileReference; fileEncoding = 4; lastKnownFileType = text.xcconfig; name = "build-release.xcconfig"; path = cordova/build-release.xcconfig; sourceTree = SOURCE_ROOT; };
		3047A5111AB8059700498E2A /* build.xcconfig */ = {isa = PBXFileReference; fileEncoding = 4; lastKnownFileType = text.xcconfig; name = build.xcconfig; path = cordova/build.xcconfig; sourceTree = SOURCE_ROOT; };
		32CA4F630368D1EE00C91783 /* HelloCordova-Prefix.pch */ = {isa = PBXFileReference; fileEncoding = 4; lastKnownFileType = sourcecode.c.h; path = "HelloCordova-Prefix.pch"; sourceTree = "<group>"; };
		6AFF5BF81D6E424B00AB3073 /* CDVLaunchScreen.storyboard */ = {isa = PBXFileReference; fileEncoding = 4; lastKnownFileType = file.storyboard; name = CDVLaunchScreen.storyboard; path = "HelloCordova/CDVLaunchScreen.storyboard"; sourceTree = SOURCE_ROOT; };
		8D1107310486CEB800E47090 /* HelloCordova-Info.plist */ = {isa = PBXFileReference; fileEncoding = 4; lastKnownFileType = text.plist.xml; name = "HelloCordova-Info.plist"; path = "HelloCordova/HelloCordova-Info.plist"; plistStructureDefinitionIdentifier = "com.apple.xcode.plist.structure-definition.iphone.info-plist"; sourceTree = SOURCE_ROOT; };
		EB87FDF31871DA8E0020F90C /* www */ = {isa = PBXFileReference; lastKnownFileType = folder; name = www; path = ../../www; sourceTree = "<group>"; };
		EB87FDF41871DAF40020F90C /* config.xml */ = {isa = PBXFileReference; lastKnownFileType = text.xml; name = config.xml; path = ../../config.xml; sourceTree = "<group>"; };
		F840E1F0165FE0F500CFE078 /* config.xml */ = {isa = PBXFileReference; lastKnownFileType = text.xml; name = config.xml; path = "HelloCordova/config.xml"; sourceTree = "<group>"; };
		ED33DF2A687741AEAF9F8254 /* Bridging-Header.h */ = {isa = PBXFileReference; fileEncoding = 4; lastKnownFileType = sourcecode.c.h; name = "Bridging-Header.h"; path = "Bridging-Header.h"; sourceTree = "<group>"; };
		EDF931193E3C44D280B4F61C /* HCPPlugin.m */ = {isa = PBXFileReference; name = "HCPPlugin.m"; path = "cordova-hot-code-push-plugin/HCPPlugin.m"; sourceTree = "<group>"; fileEncoding = 4; lastKnownFileType = sourcecode.c.objc; explicitFileType = undefined; includeInIndex = 0; };
		EC28BF44A1EE414A9718481E /* HCPApplicationConfig.m */ = {isa = PBXFileReference; name = "HCPApplicationConfig.m"; path = "cordova-hot-code-push-plugin/Config/HCPApplicationConfig.m"; sourceTree = "<group>"; fileEncoding = 4; lastKnownFileType = sourcecode.c.objc; explicitFileType = undefined; includeInIndex = 0; };
		CACBE76B8FD847F8B11EF124 /* HCPContentConfig.m */ = {isa = PBXFileReference; name = "HCPContentConfig.m"; path = "cordova-hot-code-push-plugin/Config/HCPContentConfig.m"; sourceTree = "<group>"; fileEncoding = 4; lastKnownFileType = sourcecode.c.objc; explicitFileType = undefined; includeInIndex = 0; };
		D21FC45DDF054101A04E0B57 /* HCPContentManifest.m */ = {isa = PBXFileReference; name = "HCPContentManifest.m"; path = "cordova-hot-code-push-plugin/Config/HCPContentManifest.m"; sourceTree = "<group>"; fileEncoding = 4; lastKnownFileType = sourcecode.c.objc; explicitFileType = undefined; includeInIndex = 0; };
		A84BB4872C864DAAB61D2199 /* HCPPluginInternalPreferences.m */ = {isa = PBXFileReference; name = "HCPPluginInternalPreferences.m"; path = "cordova-hot-code-push-plugin/Config/HCPPluginInternalPreferences.m"; sourceTree = "<group>"; fileEncoding = 4; lastKnownFileType = sourcecode.c.objc; explicitFileType = undefined; includeInIndex = 0; };
		ADB7ECB69211494B85A23C21 /* HCPXmlConfig.m */ = {isa = PBXFileReference; name = "HCPXmlConfig.m"; path = "cordova-hot-code-push-plugin/Config/HCPXmlConfig.m"; sourceTree = "<group>"; fileEncoding = 4; lastKnownFileType = sourcecode.c.objc; explicitFileType = undefined; includeInIndex = 0; };
		7B833513A8D4432C8D17B116 /* HCPXmlTags.m */ = {isa = PBXFileReference; name = "HCPXmlTags.m"; path = "cordova-hot-code-push-plugin/Config/HCPXmlTags.m"; sourceTree = "<group>"; fileEncoding = 4; lastKnownFileType = sourcecode.c.objc; explicitFileType = undefined; includeInIndex = 0; };
		8D12DC1AFE2F45098D572ADE /* HCPXmlConfigParser.m */ = {isa = PBXFileReference; name = "HCPXmlConfigParser.m"; path = "cordova-hot-code-push-plugin/Config/HCPXmlConfigParser.m"; sourceTree = "<group>"; fileEncoding = 4; lastKnownFileType = sourcecode.c.objc; explicitFileType = undefined; includeInIndex = 0; };
		CFB1B1924EBF4F95A5FBA759 /* HCPEvents.m */ = {isa = PBXFileReference; name = "HCPEvents.m"; path = "cordova-hot-code-push-plugin/Events/HCPEvents.m"; sourceTree = "<group>"; fileEncoding = 4; lastKnownFileType = sourcecode.c.objc; explicitFileType = undefined; includeInIndex = 0; };
		72A8E5B4F1C24D04A1A86BE0 /* CDVPluginResult+HCPEvents.m */ = {isa = PBXFileReference; name = "CDVPluginResult+HCPEvents.m"; path = "cordova-hot-code-push-plugin/JS/CDVPluginResult+HCPEvents.m"; sourceTree = "<group>"; fileEncoding = 4; lastKnownFileType = sourcecode.c.objc; explicitFileType = undefined; includeInIndex = 0; };
		65E408468C3C461C93A82E36 /* HCPFilesStructure.m */ = {isa = PBXFileReference; name = "HCPFilesStructure.m"; path = "cordova-hot-code-push-plugin/Model/HCPFilesStructure.m"; sourceTree = "<group>"; fileEncoding = 4; lastKnownFileType = sourcecode.c.objc; explicitFileType = undefined; includeInIndex = 0; };
		9A101C888DD64A1C82F8E4CE /* HCPManifestDiff.m */ = {isa = PBXFileReference; name = "HCPManifestDiff.m"; path = "cordova-hot-code-push-plugin/Model/HCPManifestDiff.m"; sourceTree = "<group>"; fileEncoding = 4; lastKnownFileType = sourcecode.c.objc; explicitFileType = undefined; includeInIndex = 0; };
		C71606C507F741DB8C06E13A /* HCPManifestFile.m */ = {isa = PBXFileReference; name = "HCPManifestFile.m"; path = "cordova-hot-code-push-plugin/Model/HCPManifestFile.m"; sourceTree = "<group>"; fileEncoding = 4; lastKnownFileType = sourcecode.c.objc; explicitFileType = undefined; includeInIndex = 0; };
		1B660E0E6050407D9AD5A761 /* HCPFileDownloader.m */ = {isa = PBXFileReference; name = "HCPFileDownloader.m"; path = "cordova-hot-code-push-plugin/Network/HCPFileDownloader.m"; sourceTree = "<group>"; fileEncoding = 4; lastKnownFileType = sourcecode.c.objc; explicitFileType = undefined; includeInIndex = 0; };
		C21C349E496C40A7B71B6981 /* HCPDataDownloader.m */ = {isa = PBXFileReference; name = "HCPDataDownloader.m"; path = "cordova-hot-code-push-plugin/Network/HCPDataDownloader.m"; sourceTree = "<group>"; fileEncoding = 4; lastKnownFileType = sourcecode.c.objc; explicitFileType = undefined; includeInIndex = 0; };
		CECB802B3C034BFCAB2ABC7D /* HCPApplicationConfigStorage.m */ = {isa = PBXFileReference; name = "HCPApplicationConfigStorage.m"; path = "cordova-hot-code-push-plugin/Storage/HCPApplicationConfigStorage.m"; sourceTree = "<group>"; fileEncoding = 4; lastKnownFileType = sourcecode.c.objc; explicitFileType = undefined; includeInIndex = 0; };
		9B94D9EDEB4F4468BA8DD912 /* HCPConfigStorageImpl.m */ = {isa = PBXFileReference; name = "HCPConfigStorageImpl.m"; path = "cordova-hot-code-push-plugin/Storage/HCPConfigStorageImpl.m"; sourceTree = "<group>"; fileEncoding = 4; lastKnownFileType = sourcecode.c.objc; explicitFileType = undefined; includeInIndex = 0; };
		2FD4DA631685467FA7EA68D7 /* HCPContentManifestStorage.m */ = {isa = PBXFileReference; name = "HCPContentManifestStorage.m"; path = "cordova-hot-code-push-plugin/Storage/HCPContentManifestStorage.m"; sourceTree = "<group>"; fileEncoding = 4; lastKnownFileType = sourcecode.c.objc; explicitFileType = undefined; includeInIndex = 0; };
		A76025B5AA1E4C19AD4BD73E /* HCPPluginInternalPreferences+UserDefaults.m */ = {isa = PBXFileReference; name = "HCPPluginInternalPreferences+UserDefaults.m"; path = "cordova-hot-code-push-plugin/Storage/HCPPluginInternalPreferences+UserDefaults.m"; sourceTree = "<group>"; fileEncoding = 4; lastKnownFileType = sourcecode.c.objc; explicitFileType = undefined; includeInIndex = 0; };
		E2FE5CD631D4432FA99BA26E /* HCPFetchUpdateOptions.m */ = {isa = PBXFileReference; name = "HCPFetchUpdateOptions.m"; path = "cordova-hot-code-push-plugin/Updater/HCPFetchUpdateOptions.m"; sourceTree = "<group>"; fileEncoding = 4; lastKnownFileType = sourcecode.c.objc; explicitFileType = undefined; includeInIndex = 0; };
		4997D375A09945BBB18D22FA /* HCPInstallationWorker.m */ = {isa = PBXFileReference; name = "HCPInstallationWorker.m"; path = "cordova-hot-code-push-plugin/Updater/HCPInstallationWorker.m"; sourceTree = "<group>"; fileEncoding = 4; lastKnownFileType = sourcecode.c.objc; explicitFileType = undefined; includeInIndex = 0; };
		C3E0225783A346D58484303D /* HCPUpdateInstaller.m */ = {isa = PBXFileReference; name = "HCPUpdateInstaller.m"; path = "cordova-hot-code-push-plugin/Updater/HCPUpdateInstaller.m"; sourceTree = "<group>"; fileEncoding = 4; lastKnownFileType = sourcecode.c.objc; explicitFileType = undefined; includeInIndex = 0; };
		5B37B53112F44B49A38BDCBB /* HCPUpdateLoader.m */ = {isa = PBXFileReference; name = "HCPUpdateLoader.m"; path = "cordova-hot-code-push-plugin/Updater/HCPUpdateLoader.m"; sourceTree = "<group>"; fileEncoding = 4; lastKnownFileType = sourcecode.c.objc; explicitFileType = undefined; includeInIndex = 0; };
		366E6A3CCBBE48E1A61F1033 /* HCPUpdateLoaderWorker.m */ = {isa = PBXFileReference; name = "HCPUpdateLoaderWorker.m"; path = "cordova-hot-code-push-plugin/Updater/HCPUpdateLoaderWorker.m"; sourceTree = "<group>"; fileEncoding = 4; lastKnownFileType = sourcecode.c.objc; explicitFileType = undefined; includeInIndex = 0; };
		DA96C0F701C84916BBDE48A4 /* HCPUpdateRequest.m */ = {isa = PBXFileReference; name = "HCPUpdateRequest.m"; path = "cordova-hot-code-push-plugin/Updater/HCPUpdateRequest.m"; sourceTree = "<group>"; fileEncoding = 4; lastKnownFileType = sourcecode.c.objc; explicitFileType = undefined; includeInIndex = 0; };
		4F4725E181C941D5BC7204F7 /* HCPCleanupHelper.m */ = {isa = PBXFileReference; name = "HCPCleanupHelper.m"; path = "cordova-hot-code-push-plugin/Utils/HCPCleanupHelper.m"; sourceTree = "<group>"; fileEncoding = 4; lastKnownFileType = sourcecode.c.objc; explicitFileType = undefined; includeInIndex = 0; };
		79837D8CC3224622B354B677 /* NSBundle+HCPExtension.m */ = {isa = PBXFileReference; name = "NSBundle+HCPExtension.m"; path = "cordova-hot-code-push-plugin/Utils/NSBundle+HCPExtension.m"; sourceTree = "<group>"; fileEncoding = 4; lastKnownFileType = sourcecode.c.objc; explicitFileType = undefined; includeInIndex = 0; };
		5C472D596B0A46E49FB0B531 /* NSData+HCPMD5.m */ = {isa = PBXFileReference; name = "NSData+HCPMD5.m"; path = "cordova-hot-code-push-plugin/Utils/NSData+HCPMD5.m"; sourceTree = "<group>"; fileEncoding = 4; lastKnownFileType = sourcecode.c.objc; explicitFileType = undefined; includeInIndex = 0; };
		3CF850296C99447FA2129BF7 /* NSError+HCPExtension.m */ = {isa = PBXFileReference; name = "NSError+HCPExtension.m"; path = "cordova-hot-code-push-plugin/Utils/NSError+HCPExtension.m"; sourceTree = "<group>"; fileEncoding = 4; lastKnownFileType = sourcecode.c.objc; explicitFileType = undefined; includeInIndex = 0; };
		925F7A7546E042FB8C5C3D1B /* NSFileManager+HCPExtension.m */ = {isa = PBXFileReference; name = "NSFileManager+HCPExtension.m"; path = "cordova-hot-code-push-plugin/Utils/NSFileManager+HCPExtension.m"; sourceTree = "<group>"; fileEncoding = 4; lastKnownFileType = sourcecode.c.objc; explicitFileType = undefined; includeInIndex = 0; };
		33271A14A0CD4A73A1E1E165 /* NSJSONSerialization+HCPExtension.m */ = {isa = PBXFileReference; name = "NSJSONSerialization+HCPExtension.m"; path = "cordova-hot-code-push-plugin/Utils/NSJSONSerialization+HCPExtension.m"; sourceTree = "<group>"; fileEncoding = 4; lastKnownFileType = sourcecode.c.objc; explicitFileType = undefined; includeInIndex = 0; };
		CECA65883AEF4AE191D96959 /* HCPAppUpdateRequestAlertDialog.m */ = {isa = PBXFileReference; name = "HCPAppUpdateRequestAlertDialog.m"; path = "cordova-hot-code-push-plugin/Utils/HCPAppUpdateRequestAlertDialog.m"; sourceTree = "<group>"; fileEncoding = 4; lastKnownFileType = sourcecode.c.objc; explicitFileType = undefined; includeInIndex = 0; };
		EA8C3C6975E4417995EE12E4 /* HCPAssetsFolderHelper.m */ = {isa = PBXFileReference; name = "HCPAssetsFolderHelper.m"; path = "cordova-hot-code-push-plugin/Utils/HCPAssetsFolderHelper.m"; sourceTree = "<group>"; fileEncoding = 4; lastKnownFileType = sourcecode.c.objc; explicitFileType = undefined; includeInIndex = 0; };
		2CF57C138C7C4E92AD1C9E28 /* CDVWKWebViewEngine+HCPPlugin_ReadAccessURL.m */ = {isa = PBXFileReference; name = "CDVWKWebViewEngine+HCPPlugin_ReadAccessURL.m"; path = "cordova-hot-code-push-plugin/WKWebViewFix/CDVWKWebViewEngine+HCPPlugin_ReadAccessURL.m"; sourceTree = "<group>"; fileEncoding = 4; lastKnownFileType = sourcecode.c.objc; explicitFileType = undefined; includeInIndex = 0; };
		9793965092CE42698389781C /* HCPPlugin.h */ = {isa = PBXFileReference; name = "HCPPlugin.h"; path = "cordova-hot-code-push-plugin/HCPPlugin.h"; sourceTree = "<group>"; fileEncoding = 4; lastKnownFileType = sourcecode.c.h; explicitFileType = undefined; includeInIndex = 0; };
		6EF0FA3C417C431BBFA4D957 /* HCPApplicationConfig.h */ = {isa = PBXFileReference; name = "HCPApplicationConfig.h"; path = "cordova-hot-code-push-plugin/Config/HCPApplicationConfig.h"; sourceTree = "<group>"; fileEncoding = 4; lastKnownFileType = sourcecode.c.h; explicitFileType = undefined; includeInIndex = 0; };
		86A9E8751C9D460F91FD27EE /* HCPContentConfig.h */ = {isa = PBXFileReference; name = "HCPContentConfig.h"; path = "cordova-hot-code-push-plugin/Config/HCPContentConfig.h"; sourceTree = "<group>"; fileEncoding = 4; lastKnownFileType = sourcecode.c.h; explicitFileType = undefined; includeInIndex = 0; };
		0CE0AB3E6F4440879A91AA70 /* HCPContentManifest.h */ = {isa = PBXFileReference; name = "HCPContentManifest.h"; path = "cordova-hot-code-push-plugin/Config/HCPContentManifest.h"; sourceTree = "<group>"; fileEncoding = 4; lastKnownFileType = sourcecode.c.h; explicitFileType = undefined; includeInIndex = 0; };
		4AFE7A4268AD4DC8824AE98F /* HCPPluginInternalPreferences.h */ = {isa = PBXFileReference; name = "HCPPluginInternalPreferences.h"; path = "cordova-hot-code-push-plugin/Config/HCPPluginInternalPreferences.h"; sourceTree = "<group>"; fileEncoding = 4; lastKnownFileType = sourcecode.c.h; explicitFileType = undefined; includeInIndex = 0; };
		A289B38F200546C8A189F218 /* HCPXmlConfig.h */ = {isa = PBXFileReference; name = "HCPXmlConfig.h"; path = "cordova-hot-code-push-plugin/Config/HCPXmlConfig.h"; sourceTree = "<group>"; fileEncoding = 4; lastKnownFileType = sourcecode.c.h; explicitFileType = undefined; includeInIndex = 0; };
		2FFB83020B9E49248B19B42E /* HCPXmlTags.h */ = {isa = PBXFileReference; name = "HCPXmlTags.h"; path = "cordova-hot-code-push-plugin/Config/HCPXmlTags.h"; sourceTree = "<group>"; fileEncoding = 4; lastKnownFileType = sourcecode.c.h; explicitFileType = undefined; includeInIndex = 0; };
		107A4534BF894738859D51D8 /* HCPXmlConfigParser.h */ = {isa = PBXFileReference; name = "HCPXmlConfigParser.h"; path = "cordova-hot-code-push-plugin/Config/HCPXmlConfigParser.h"; sourceTree = "<group>"; fileEncoding = 4; lastKnownFileType = sourcecode.c.h; explicitFileType = undefined; includeInIndex = 0; };
		DAB1A31E2D104A2B85D11AFC /* HCPEvents.h */ = {isa = PBXFileReference; name = "HCPEvents.h"; path = "cordova-hot-code-push-plugin/Events/HCPEvents.h"; sourceTree = "<group>"; fileEncoding = 4; lastKnownFileType = sourcecode.c.h; explicitFileType = undefined; includeInIndex = 0; };
		7E09ECBD37714F93B1D086FD /* CDVPluginResult+HCPEvents.h */ = {isa = PBXFileReference; name = "CDVPluginResult+HCPEvents.h"; path = "cordova-hot-code-push-plugin/JS/CDVPluginResult+HCPEvents.h"; sourceTree = "<group>"; fileEncoding = 4; lastKnownFileType = sourcecode.c.h; explicitFileType = undefined; includeInIndex = 0; };
		5605C6BF578541C68824808D /* HCPFilesStructure.h */ = {isa = PBXFileReference; name = "HCPFilesStructure.h"; path = "cordova-hot-code-push-plugin/Model/HCPFilesStructure.h"; sourceTree = "<group>"; fileEncoding = 4; lastKnownFileType = sourcecode.c.h; explicitFileType = undefined; includeInIndex = 0; };
		1D8BF9809CC747A4B9998219 /* HCPJsonConvertable.h */ = {isa = PBXFileReference; name = "HCPJsonConvertable.h"; path = "cordova-hot-code-push-plugin/Model/HCPJsonConvertable.h"; sourceTree = "<group>"; fileEncoding = 4; lastKnownFileType = sourcecode.c.h; explicitFileType = undefined; includeInIndex = 0; };
		144F60DCE24D43F9AAACCE8E /* HCPManifestDiff.h */ = {isa = PBXFileReference; name = "HCPManifestDiff.h"; path = "cordova-hot-code-push-plugin/Model/HCPManifestDiff.h"; sourceTree = "<group>"; fileEncoding = 4; lastKnownFileType = sourcecode.c.h; explicitFileType = undefined; includeInIndex = 0; };
		FC21722F26504A48A5B36A0E /* HCPManifestFile.h */ = {isa = PBXFileReference; name = "HCPManifestFile.h"; path = "cordova-hot-code-push-plugin/Model/HCPManifestFile.h"; sourceTree = "<group>"; fileEncoding = 4; lastKnownFileType = sourcecode.c.h; explicitFileType = undefined; includeInIndex = 0; };
		FAF5EB379BCE4AED8B3CFE4F /* HCPFileDownloader.h */ = {isa = PBXFileReference; name = "HCPFileDownloader.h"; path = "cordova-hot-code-push-plugin/Network/HCPFileDownloader.h"; sourceTree = "<group>"; fileEncoding = 4; lastKnownFileType = sourcecode.c.h; explicitFileType = undefined; includeInIndex = 0; };
		8AA84D1FD02E47B2A615D35D /* HCPDataDownloader.h */ = {isa = PBXFileReference; name = "HCPDataDownloader.h"; path = "cordova-hot-code-push-plugin/Network/HCPDataDownloader.h"; sourceTree = "<group>"; fileEncoding = 4; lastKnownFileType = sourcecode.c.h; explicitFileType = undefined; includeInIndex = 0; };
		D5359FAA1596423595F59DCC /* HCPApplicationConfigStorage.h */ = {isa = PBXFileReference; name = "HCPApplicationConfigStorage.h"; path = "cordova-hot-code-push-plugin/Storage/HCPApplicationConfigStorage.h"; sourceTree = "<group>"; fileEncoding = 4; lastKnownFileType = sourcecode.c.h; explicitFileType = undefined; includeInIndex = 0; };
		B5B006EA6D7C401E8B7953E5 /* HCPConfigFileStorage.h */ = {isa = PBXFileReference; name = "HCPConfigFileStorage.h"; path = "cordova-hot-code-push-plugin/Storage/HCPConfigFileStorage.h"; sourceTree = "<group>"; fileEncoding = 4; lastKnownFileType = sourcecode.c.h; explicitFileType = undefined; includeInIndex = 0; };
		78D1154A503441F79D5B298C /* HCPConfigStorageImpl.h */ = {isa = PBXFileReference; name = "HCPConfigStorageImpl.h"; path = "cordova-hot-code-push-plugin/Storage/HCPConfigStorageImpl.h"; sourceTree = "<group>"; fileEncoding = 4; lastKnownFileType = sourcecode.c.h; explicitFileType = undefined; includeInIndex = 0; };
		D800EDA3EAC5475A962A6EA1 /* HCPContentManifestStorage.h */ = {isa = PBXFileReference; name = "HCPContentManifestStorage.h"; path = "cordova-hot-code-push-plugin/Storage/HCPContentManifestStorage.h"; sourceTree = "<group>"; fileEncoding = 4; lastKnownFileType = sourcecode.c.h; explicitFileType = undefined; includeInIndex = 0; };
		D2C71424868D4CD0BE1EAFF5 /* HCPPluginInternalPreferences+UserDefaults.h */ = {isa = PBXFileReference; name = "HCPPluginInternalPreferences+UserDefaults.h"; path = "cordova-hot-code-push-plugin/Storage/HCPPluginInternalPreferences+UserDefaults.h"; sourceTree = "<group>"; fileEncoding = 4; lastKnownFileType = sourcecode.c.h; explicitFileType = undefined; includeInIndex = 0; };
		C40C8CD95B1F463CBF8BD93B /* HCPFetchUpdateOptions.h */ = {isa = PBXFileReference; name = "HCPFetchUpdateOptions.h"; path = "cordova-hot-code-push-plugin/Updater/HCPFetchUpdateOptions.h"; sourceTree = "<group>"; fileEncoding = 4; lastKnownFileType = sourcecode.c.h; explicitFileType = undefined; includeInIndex = 0; };
		45B48ADC34F6464B84B7A7D6 /* HCPInstallationWorker.h */ = {isa = PBXFileReference; name = "HCPInstallationWorker.h"; path = "cordova-hot-code-push-plugin/Updater/HCPInstallationWorker.h"; sourceTree = "<group>"; fileEncoding = 4; lastKnownFileType = sourcecode.c.h; explicitFileType = undefined; includeInIndex = 0; };
		EBAAC8063F6E4FDE8C286B02 /* HCPUpdateInstaller.h */ = {isa = PBXFileReference; name = "HCPUpdateInstaller.h"; path = "cordova-hot-code-push-plugin/Updater/HCPUpdateInstaller.h"; sourceTree = "<group>"; fileEncoding = 4; lastKnownFileType = sourcecode.c.h; explicitFileType = undefined; includeInIndex = 0; };
		49F7F222479F494891C8236B /* HCPUpdateLoader.h */ = {isa = PBXFileReference; name = "HCPUpdateLoader.h"; path = "cordova-hot-code-push-plugin/Updater/HCPUpdateLoader.h"; sourceTree = "<group>"; fileEncoding = 4; lastKnownFileType = sourcecode.c.h; explicitFileType = undefined; includeInIndex = 0; };
		EE5DD6F5B1CC421FB0A9E0B8 /* HCPUpdateLoaderWorker.h */ = {isa = PBXFileReference; name = "HCPUpdateLoaderWorker.h"; path = "cordova-hot-code-push-plugin/Updater/HCPUpdateLoaderWorker.h"; sourceTree = "<group>"; fileEncoding = 4; lastKnownFileType = sourcecode.c.h; explicitFileType = undefined; includeInIndex = 0; };
		56392EE6CB89472EBF6EFBCC /* HCPUpdateRequest.h */ = {isa = PBXFileReference; name = "HCPUpdateRequest.h"; path = "cordova-hot-code-push-plugin/Updater/HCPUpdateRequest.h"; sourceTree = "<group>"; fileEncoding = 4; lastKnownFileType = sourcecode.c.h; explicitFileType = undefined; includeInIndex = 0; };
		658E84CA1DD44AF38C3F70EE /* HCPWorker.h */ = {isa = PBXFileReference; name = "HCPWorker.h"; path = "cordova-hot-code-push-plugin/Updater/HCPWorker.h"; sourceTree = "<group>"; fileEncoding = 4; lastKnownFileType = sourcecode.c.h; explicitFileType = undefined; includeInIndex = 0; };
		727E320065314097A19DC11C /* HCPCleanupHelper.h */ = {isa = PBXFileReference; name = "HCPCleanupHelper.h"; path = "cordova-hot-code-push-plugin/Utils/HCPCleanupHelper.h"; sourceTree = "<group>"; fileEncoding = 4; lastKnownFileType = sourcecode.c.h; explicitFileType = undefined; includeInIndex = 0; };
		166E721E4C204B68B6235838 /* NSBundle+HCPExtension.h */ = {isa = PBXFileReference; name = "NSBundle+HCPExtension.h"; path = "cordova-hot-code-push-plugin/Utils/NSBundle+HCPExtension.h"; sourceTree = "<group>"; fileEncoding = 4; lastKnownFileType = sourcecode.c.h; explicitFileType = undefined; includeInIndex = 0; };
		41F851F6DD564453AB00E26E /* NSData+HCPMD5.h */ = {isa = PBXFileReference; name = "NSData+HCPMD5.h"; path = "cordova-hot-code-push-plugin/Utils/NSData+HCPMD5.h"; sourceTree = "<group>"; fileEncoding = 4; lastKnownFileType = sourcecode.c.h; explicitFileType = undefined; includeInIndex = 0; };
		5F7EF74B35D24EE2A58DA125 /* NSError+HCPExtension.h */ = {isa = PBXFileReference; name = "NSError+HCPExtension.h"; path = "cordova-hot-code-push-plugin/Utils/NSError+HCPExtension.h"; sourceTree = "<group>"; fileEncoding = 4; lastKnownFileType = sourcecode.c.h; explicitFileType = undefined; includeInIndex = 0; };
		B0781E539FA24EB6BE934948 /* NSFileManager+HCPExtension.h */ = {isa = PBXFileReference; name = "NSFileManager+HCPExtension.h"; path = "cordova-hot-code-push-plugin/Utils/NSFileManager+HCPExtension.h"; sourceTree = "<group>"; fileEncoding = 4; lastKnownFileType = sourcecode.c.h; explicitFileType = undefined; includeInIndex = 0; };
		22BAD93F59A14BF5BAAB64CE /* NSJSONSerialization+HCPExtension.h */ = {isa = PBXFileReference; name = "NSJSONSerialization+HCPExtension.h"; path = "cordova-hot-code-push-plugin/Utils/NSJSONSerialization+HCPExtension.h"; sourceTree = "<group>"; fileEncoding = 4; lastKnownFileType = sourcecode.c.h; explicitFileType = undefined; includeInIndex = 0; };
		A8B4B15C5E17430592AB1EC6 /* HCPAppUpdateRequestAlertDialog.h */ = {isa = PBXFileReference; name = "HCPAppUpdateRequestAlertDialog.h"; path = "cordova-hot-code-push-plugin/Utils/HCPAppUpdateRequestAlertDialog.h"; sourceTree = "<group>"; fileEncoding = 4; lastKnownFileType = sourcecode.c.h; explicitFileType = undefined; includeInIndex = 0; };
		462D5AD1E88C4258BEA7CA49 /* HCPAssetsFolderHelper.h */ = {isa = PBXFileReference; name = "HCPAssetsFolderHelper.h"; path = "cordova-hot-code-push-plugin/Utils/HCPAssetsFolderHelper.h"; sourceTree = "<group>"; fileEncoding = 4; lastKnownFileType = sourcecode.c.h; explicitFileType = undefined; includeInIndex = 0; };
		E13292BAC91E410DA578DD2C /* CDVWKWebViewEngine+HCPPlugin_ReadAccessURL.h */ = {isa = PBXFileReference; name = "CDVWKWebViewEngine+HCPPlugin_ReadAccessURL.h"; path = "cordova-hot-code-push-plugin/WKWebViewFix/CDVWKWebViewEngine+HCPPlugin_ReadAccessURL.h"; sourceTree = "<group>"; fileEncoding = 4; lastKnownFileType = sourcecode.c.h; explicitFileType = undefined; includeInIndex = 0; };
		83BD094ED26349988475BCD3 /* UIImage+CropScaleOrientation.m */ = {isa = PBXFileReference; name = "UIImage+CropScaleOrientation.m"; path = "cordova-plugin-camera/UIImage+CropScaleOrientation.m"; sourceTree = "<group>"; fileEncoding = 4; lastKnownFileType = sourcecode.c.objc; explicitFileType = undefined; includeInIndex = 0; };
		1788E2906F4646C59FCECA1D /* CDVCamera.m */ = {isa = PBXFileReference; name = "CDVCamera.m"; path = "cordova-plugin-camera/CDVCamera.m"; sourceTree = "<group>"; fileEncoding = 4; lastKnownFileType = sourcecode.c.objc; explicitFileType = undefined; includeInIndex = 0; };
		0BE5D976CDF14A72983A2F51 /* CDVJpegHeaderWriter.m */ = {isa = PBXFileReference; name = "CDVJpegHeaderWriter.m"; path = "cordova-plugin-camera/CDVJpegHeaderWriter.m"; sourceTree = "<group>"; fileEncoding = 4; lastKnownFileType = sourcecode.c.objc; explicitFileType = undefined; includeInIndex = 0; };
		7EB9B386CE9C46378EBF3626 /* UIImage+CropScaleOrientation.h */ = {isa = PBXFileReference; name = "UIImage+CropScaleOrientation.h"; path = "cordova-plugin-camera/UIImage+CropScaleOrientation.h"; sourceTree = "<group>"; fileEncoding = 4; lastKnownFileType = sourcecode.c.h; explicitFileType = undefined; includeInIndex = 0; };
		328F82D68DBE4636BE61314C /* CDVCamera.h */ = {isa = PBXFileReference; name = "CDVCamera.h"; path = "cordova-plugin-camera/CDVCamera.h"; sourceTree = "<group>"; fileEncoding = 4; lastKnownFileType = sourcecode.c.h; explicitFileType = undefined; includeInIndex = 0; };
		C3B6867A06B0458B86C28EEE /* CDVJpegHeaderWriter.h */ = {isa = PBXFileReference; name = "CDVJpegHeaderWriter.h"; path = "cordova-plugin-camera/CDVJpegHeaderWriter.h"; sourceTree = "<group>"; fileEncoding = 4; lastKnownFileType = sourcecode.c.h; explicitFileType = undefined; includeInIndex = 0; };
		B0950850FD3A44D58E7956D3 /* CDVExif.h */ = {isa = PBXFileReference; name = "CDVExif.h"; path = "cordova-plugin-camera/CDVExif.h"; sourceTree = "<group>"; fileEncoding = 4; lastKnownFileType = sourcecode.c.h; explicitFileType = undefined; includeInIndex = 0; };
		763A4B655243419BB59A2033 /* ImageIO.framework */ = {isa = PBXFileReference; name = "ImageIO.framework"; path = "System/Library/Frameworks/ImageIO.framework"; sourceTree = SDKROOT; fileEncoding = undefined; lastKnownFileType = wrapper.framework; explicitFileType = undefined; includeInIndex = 0; };
		2786AB2D08444E1990140ACF /* CoreLocation.framework */ = {isa = PBXFileReference; name = "CoreLocation.framework"; path = "System/Library/Frameworks/CoreLocation.framework"; sourceTree = SDKROOT; fileEncoding = undefined; lastKnownFileType = wrapper.framework; explicitFileType = undefined; includeInIndex = 0; };
		1F029A78F66E4CD398644539 /* AVFoundation.framework */ = {isa = PBXFileReference; name = "AVFoundation.framework"; path = "System/Library/Frameworks/AVFoundation.framework"; sourceTree = SDKROOT; fileEncoding = undefined; lastKnownFileType = wrapper.framework; explicitFileType = undefined; includeInIndex = 0; };
		CF2E5D6322C741448A270723 /* HCPLDPlugin.m */ = {isa = PBXFileReference; name = "HCPLDPlugin.m"; path = "cordova-hot-code-push-local-dev-addon/HCPLDPlugin.m"; sourceTree = "<group>"; fileEncoding = 4; lastKnownFileType = sourcecode.c.objc; explicitFileType = undefined; includeInIndex = 0; };
		9906C5D6BC2F4AED92279DD2 /* HCPLDOptions.m */ = {isa = PBXFileReference; name = "HCPLDOptions.m"; path = "cordova-hot-code-push-local-dev-addon/Config/HCPLDOptions.m"; sourceTree = "<group>"; fileEncoding = 4; lastKnownFileType = sourcecode.c.objc; explicitFileType = undefined; includeInIndex = 0; };
		34D30B22547C435CA4860458 /* HCPLDXmlConfig.m */ = {isa = PBXFileReference; name = "HCPLDXmlConfig.m"; path = "cordova-hot-code-push-local-dev-addon/Config/HCPLDXmlConfig.m"; sourceTree = "<group>"; fileEncoding = 4; lastKnownFileType = sourcecode.c.objc; explicitFileType = undefined; includeInIndex = 0; };
		EE99C572F7B9426F8FB5CEEA /* HCPLDXmlConfigParser.m */ = {isa = PBXFileReference; name = "HCPLDXmlConfigParser.m"; path = "cordova-hot-code-push-local-dev-addon/Config/HCPLDXmlConfigParser.m"; sourceTree = "<group>"; fileEncoding = 4; lastKnownFileType = sourcecode.c.objc; explicitFileType = undefined; includeInIndex = 0; };
		03F685D89B744DB99193114B /* HCPLDXmlTags.m */ = {isa = PBXFileReference; name = "HCPLDXmlTags.m"; path = "cordova-hot-code-push-local-dev-addon/Config/HCPLDXmlTags.m"; sourceTree = "<group>"; fileEncoding = 4; lastKnownFileType = sourcecode.c.objc; explicitFileType = undefined; includeInIndex = 0; };
		160D2E67815746B485AA4560 /* SocketAckEmitter.swift */ = {isa = PBXFileReference; name = "SocketAckEmitter.swift"; path = "cordova-hot-code-push-local-dev-addon/SocketIOClientSwift/SocketAckEmitter.swift"; sourceTree = "<group>"; fileEncoding = 4; lastKnownFileType = sourcecode.swift; explicitFileType = undefined; includeInIndex = 0; };
		41DE138688B04BDFADF6C376 /* SocketAckManager.swift */ = {isa = PBXFileReference; name = "SocketAckManager.swift"; path = "cordova-hot-code-push-local-dev-addon/SocketIOClientSwift/SocketAckManager.swift"; sourceTree = "<group>"; fileEncoding = 4; lastKnownFileType = sourcecode.swift; explicitFileType = undefined; includeInIndex = 0; };
		EA91E193AE044980AD32E3E9 /* SocketAnyEvent.swift */ = {isa = PBXFileReference; name = "SocketAnyEvent.swift"; path = "cordova-hot-code-push-local-dev-addon/SocketIOClientSwift/SocketAnyEvent.swift"; sourceTree = "<group>"; fileEncoding = 4; lastKnownFileType = sourcecode.swift; explicitFileType = undefined; includeInIndex = 0; };
		4ACF904D65534B9B937781BF /* SocketClientManager.swift */ = {isa = PBXFileReference; name = "SocketClientManager.swift"; path = "cordova-hot-code-push-local-dev-addon/SocketIOClientSwift/SocketClientManager.swift"; sourceTree = "<group>"; fileEncoding = 4; lastKnownFileType = sourcecode.swift; explicitFileType = undefined; includeInIndex = 0; };
		717BADE040BC4A6C9CD77B8F /* SocketEngine.swift */ = {isa = PBXFileReference; name = "SocketEngine.swift"; path = "cordova-hot-code-push-local-dev-addon/SocketIOClientSwift/SocketEngine.swift"; sourceTree = "<group>"; fileEncoding = 4; lastKnownFileType = sourcecode.swift; explicitFileType = undefined; includeInIndex = 0; };
		C7F8D66545044748805BC5D4 /* SocketEngineClient.swift */ = {isa = PBXFileReference; name = "SocketEngineClient.swift"; path = "cordova-hot-code-push-local-dev-addon/SocketIOClientSwift/SocketEngineClient.swift"; sourceTree = "<group>"; fileEncoding = 4; lastKnownFileType = sourcecode.swift; explicitFileType = undefined; includeInIndex = 0; };
		02A5A6E36C86470A8E0D6272 /* SocketEnginePacketType.swift */ = {isa = PBXFileReference; name = "SocketEnginePacketType.swift"; path = "cordova-hot-code-push-local-dev-addon/SocketIOClientSwift/SocketEnginePacketType.swift"; sourceTree = "<group>"; fileEncoding = 4; lastKnownFileType = sourcecode.swift; explicitFileType = undefined; includeInIndex = 0; };
		3C5231FDA2BD4CD88451CEC0 /* SocketEnginePollable.swift */ = {isa = PBXFileReference; name = "SocketEnginePollable.swift"; path = "cordova-hot-code-push-local-dev-addon/SocketIOClientSwift/SocketEnginePollable.swift"; sourceTree = "<group>"; fileEncoding = 4; lastKnownFileType = sourcecode.swift; explicitFileType = undefined; includeInIndex = 0; };
		B3CC92EBCF364DA59E60A729 /* SocketEngineSpec.swift */ = {isa = PBXFileReference; name = "SocketEngineSpec.swift"; path = "cordova-hot-code-push-local-dev-addon/SocketIOClientSwift/SocketEngineSpec.swift"; sourceTree = "<group>"; fileEncoding = 4; lastKnownFileType = sourcecode.swift; explicitFileType = undefined; includeInIndex = 0; };
		27B4B1038D0B49D2AB7EF9B8 /* SocketEngineWebsocket.swift */ = {isa = PBXFileReference; name = "SocketEngineWebsocket.swift"; path = "cordova-hot-code-push-local-dev-addon/SocketIOClientSwift/SocketEngineWebsocket.swift"; sourceTree = "<group>"; fileEncoding = 4; lastKnownFileType = sourcecode.swift; explicitFileType = undefined; includeInIndex = 0; };
		380B0DD21A274757A33A33E2 /* SocketEventHandler.swift */ = {isa = PBXFileReference; name = "SocketEventHandler.swift"; path = "cordova-hot-code-push-local-dev-addon/SocketIOClientSwift/SocketEventHandler.swift"; sourceTree = "<group>"; fileEncoding = 4; lastKnownFileType = sourcecode.swift; explicitFileType = undefined; includeInIndex = 0; };
		38ECAC1356FD4276A134455F /* SocketExtensions.swift */ = {isa = PBXFileReference; name = "SocketExtensions.swift"; path = "cordova-hot-code-push-local-dev-addon/SocketIOClientSwift/SocketExtensions.swift"; sourceTree = "<group>"; fileEncoding = 4; lastKnownFileType = sourcecode.swift; explicitFileType = undefined; includeInIndex = 0; };
		BF82025186F74552A7B70960 /* SocketIOClient.swift */ = {isa = PBXFileReference; name = "SocketIOClient.swift"; path = "cordova-hot-code-push-local-dev-addon/SocketIOClientSwift/SocketIOClient.swift"; sourceTree = "<group>"; fileEncoding = 4; lastKnownFileType = sourcecode.swift; explicitFileType = undefined; includeInIndex = 0; };
		C412FBA0465A429884165E65 /* SocketIOClientConfiguration.swift */ = {isa = PBXFileReference; name = "SocketIOClientConfiguration.swift"; path = "cordova-hot-code-push-local-dev-addon/SocketIOClientSwift/SocketIOClientConfiguration.swift"; sourceTree = "<group>"; fileEncoding = 4; lastKnownFileType = sourcecode.swift; explicitFileType = undefined; includeInIndex = 0; };
		5F657431CC214EFAAABC81B8 /* SocketIOClientOption.swift */ = {isa = PBXFileReference; name = "SocketIOClientOption.swift"; path = "cordova-hot-code-push-local-dev-addon/SocketIOClientSwift/SocketIOClientOption.swift"; sourceTree = "<group>"; fileEncoding = 4; lastKnownFileType = sourcecode.swift; explicitFileType = undefined; includeInIndex = 0; };
		7BAAED80CAC5417E96D5E283 /* SocketIOClientSpec.swift */ = {isa = PBXFileReference; name = "SocketIOClientSpec.swift"; path = "cordova-hot-code-push-local-dev-addon/SocketIOClientSwift/SocketIOClientSpec.swift"; sourceTree = "<group>"; fileEncoding = 4; lastKnownFileType = sourcecode.swift; explicitFileType = undefined; includeInIndex = 0; };
		76C6EB4F6AF9403FB1AC589A /* SocketIOClientStatus.swift */ = {isa = PBXFileReference; name = "SocketIOClientStatus.swift"; path = "cordova-hot-code-push-local-dev-addon/SocketIOClientSwift/SocketIOClientStatus.swift"; sourceTree = "<group>"; fileEncoding = 4; lastKnownFileType = sourcecode.swift; explicitFileType = undefined; includeInIndex = 0; };
		C486909B7B6349B7B40CAF7A /* SocketLogger.swift */ = {isa = PBXFileReference; name = "SocketLogger.swift"; path = "cordova-hot-code-push-local-dev-addon/SocketIOClientSwift/SocketLogger.swift"; sourceTree = "<group>"; fileEncoding = 4; lastKnownFileType = sourcecode.swift; explicitFileType = undefined; includeInIndex = 0; };
		4EE6CA29CC32459BB0864EAB /* SocketPacket.swift */ = {isa = PBXFileReference; name = "SocketPacket.swift"; path = "cordova-hot-code-push-local-dev-addon/SocketIOClientSwift/SocketPacket.swift"; sourceTree = "<group>"; fileEncoding = 4; lastKnownFileType = sourcecode.swift; explicitFileType = undefined; includeInIndex = 0; };
		198A6222E9C84E0AB1FF13B9 /* SocketParsable.swift */ = {isa = PBXFileReference; name = "SocketParsable.swift"; path = "cordova-hot-code-push-local-dev-addon/SocketIOClientSwift/SocketParsable.swift"; sourceTree = "<group>"; fileEncoding = 4; lastKnownFileType = sourcecode.swift; explicitFileType = undefined; includeInIndex = 0; };
		54B71BC9CEAC4CEE9650523B /* SocketStringReader.swift */ = {isa = PBXFileReference; name = "SocketStringReader.swift"; path = "cordova-hot-code-push-local-dev-addon/SocketIOClientSwift/SocketStringReader.swift"; sourceTree = "<group>"; fileEncoding = 4; lastKnownFileType = sourcecode.swift; explicitFileType = undefined; includeInIndex = 0; };
		3BC6BC0DF0B84FCCAB8427A9 /* SocketTypes.swift */ = {isa = PBXFileReference; name = "SocketTypes.swift"; path = "cordova-hot-code-push-local-dev-addon/SocketIOClientSwift/SocketTypes.swift"; sourceTree = "<group>"; fileEncoding = 4; lastKnownFileType = sourcecode.swift; explicitFileType = undefined; includeInIndex = 0; };
		A4B4C3D28B6F423FA9E0A504 /* SSLSecurity.swift */ = {isa = PBXFileReference; name = "SSLSecurity.swift"; path = "cordova-hot-code-push-local-dev-addon/SocketIOClientSwift/SSLSecurity.swift"; sourceTree = "<group>"; fileEncoding = 4; lastKnownFileType = sourcecode.swift; explicitFileType = undefined; includeInIndex = 0; };
		BE5F9CE0E9404CAFA900030E /* WebSocket.swift */ = {isa = PBXFileReference; name = "WebSocket.swift"; path = "cordova-hot-code-push-local-dev-addon/SocketIOClientSwift/WebSocket.swift"; sourceTree = "<group>"; fileEncoding = 4; lastKnownFileType = sourcecode.swift; explicitFileType = undefined; includeInIndex = 0; };
		AF627100DFB341E39137998D /* HCPLDPlugin.h */ = {isa = PBXFileReference; name = "HCPLDPlugin.h"; path = "cordova-hot-code-push-local-dev-addon/HCPLDPlugin.h"; sourceTree = "<group>"; fileEncoding = 4; lastKnownFileType = sourcecode.c.h; explicitFileType = undefined; includeInIndex = 0; };
		A91654BD188B463F94415C5E /* HCPLDOptions.h */ = {isa = PBXFileReference; name = "HCPLDOptions.h"; path = "cordova-hot-code-push-local-dev-addon/Config/HCPLDOptions.h"; sourceTree = "<group>"; fileEncoding = 4; lastKnownFileType = sourcecode.c.h; explicitFileType = undefined; includeInIndex = 0; };
		72FE61086C1A4B1E8EAD1EFE /* HCPLDXmlConfig.h */ = {isa = PBXFileReference; name = "HCPLDXmlConfig.h"; path = "cordova-hot-code-push-local-dev-addon/Config/HCPLDXmlConfig.h"; sourceTree = "<group>"; fileEncoding = 4; lastKnownFileType = sourcecode.c.h; explicitFileType = undefined; includeInIndex = 0; };
		E3482C0FC2C74D77A952A20D /* HCPLDXmlConfigParser.h */ = {isa = PBXFileReference; name = "HCPLDXmlConfigParser.h"; path = "cordova-hot-code-push-local-dev-addon/Config/HCPLDXmlConfigParser.h"; sourceTree = "<group>"; fileEncoding = 4; lastKnownFileType = sourcecode.c.h; explicitFileType = undefined; includeInIndex = 0; };
		C7A001956B1849298670860B /* HCPLDXmlTags.h */ = {isa = PBXFileReference; name = "HCPLDXmlTags.h"; path = "cordova-hot-code-push-local-dev-addon/Config/HCPLDXmlTags.h"; sourceTree = "<group>"; fileEncoding = 4; lastKnownFileType = sourcecode.c.h; explicitFileType = undefined; includeInIndex = 0; };
/* End PBXFileReference section */

/* Begin PBXFrameworksBuildPhase section */
		1D60588F0D05DD3D006BFB54 /* Frameworks */ = {
			isa = PBXFrameworksBuildPhase;
			buildActionMask = 2147483647;
			files = (
				301BF552109A68D80062928A /* libCordova.a in Frameworks */,
				80B679EF26904B27B2A34257 /* ImageIO.framework in Frameworks */,
				1CF270B467544E5D884D3A6F /* CoreLocation.framework in Frameworks */,
				E7DF30EA6B1C46188874ED82 /* AVFoundation.framework in Frameworks */,
			);
			runOnlyForDeploymentPostprocessing = 0;
		};
/* End PBXFrameworksBuildPhase section */

/* Begin PBXGroup section */
		080E96DDFE201D6D7F000001 /* Classes */ = {
			isa = PBXGroup;
			children = (
				302D95EE14D2391D003F00A1 /* MainViewController.h */,
				302D95EF14D2391D003F00A1 /* MainViewController.m */,
				302D95F014D2391D003F00A1 /* MainViewController.xib */,
				1D3623240D0F684500981E51 /* AppDelegate.h */,
				1D3623250D0F684500981E51 /* AppDelegate.m */,
			);
			name = Classes;
			path = "HelloCordova/Classes";
			sourceTree = SOURCE_ROOT;
		};
		19C28FACFE9D520D11CA2CBB /* Products */ = {
			isa = PBXGroup;
			children = (
				1D6058910D05DD3D006BFB54 /* HelloCordova.app */,
			);
			name = Products;
			sourceTree = "<group>";
		};
		29B97314FDCFA39411CA2CEA /* CustomTemplate */ = {
			isa = PBXGroup;
			children = (
				EB87FDF41871DAF40020F90C /* config.xml */,
				EB87FDF31871DA8E0020F90C /* www */,
				EB87FDF11871DA420020F90C /* Staging */,
				301BF52D109A57CC0062928A /* CordovaLib.xcodeproj */,
				080E96DDFE201D6D7F000001 /* Classes */,
				307C750510C5A3420062BCA9 /* Plugins */,
				29B97315FDCFA39411CA2CEA /* Other Sources */,
				29B97317FDCFA39411CA2CEA /* Resources */,
				29B97323FDCFA39411CA2CEA /* Frameworks */,
				19C28FACFE9D520D11CA2CBB /* Products */,
			);
			name = CustomTemplate;
			sourceTree = "<group>";
		};
		29B97315FDCFA39411CA2CEA /* Other Sources */ = {
			isa = PBXGroup;
			children = (
				32CA4F630368D1EE00C91783 /* HelloCordova-Prefix.pch */,
				29B97316FDCFA39411CA2CEA /* main.m */,
				ED33DF2A687741AEAF9F8254 /* Bridging-Header.h */,
			);
			name = "Other Sources";
			path = "HelloCordova";
			sourceTree = "<group>";
		};
		29B97317FDCFA39411CA2CEA /* Resources */ = {
			isa = PBXGroup;
			children = (
				0207DA571B56EA530066E2B4 /* Images.xcassets */,
				3047A50E1AB8057F00498E2A /* config */,
				8D1107310486CEB800E47090 /* HelloCordova-Info.plist */,
				6AFF5BF81D6E424B00AB3073 /* CDVLaunchScreen.storyboard */,
			);
			name = Resources;
			path = "HelloCordova/Resources";
			sourceTree = "<group>";
		};
		29B97323FDCFA39411CA2CEA /* Frameworks */ = {
			isa = PBXGroup;
			children = (
				763A4B655243419BB59A2033 /* ImageIO.framework */,
				2786AB2D08444E1990140ACF /* CoreLocation.framework */,
				1F029A78F66E4CD398644539 /* AVFoundation.framework */,
			);
			name = Frameworks;
			sourceTree = "<group>";
		};
		301BF52E109A57CC0062928A /* Products */ = {
			isa = PBXGroup;
			children = (
				301BF535109A57CC0062928A /* libCordova.a */,
			);
			name = Products;
			sourceTree = "<group>";
		};
		3047A50E1AB8057F00498E2A /* config */ = {
			isa = PBXGroup;
			children = (
				3047A50F1AB8059700498E2A /* build-debug.xcconfig */,
				3047A5101AB8059700498E2A /* build-release.xcconfig */,
				3047A5111AB8059700498E2A /* build.xcconfig */,
			);
			name = config;
			sourceTree = "<group>";
		};
		307C750510C5A3420062BCA9 /* Plugins */ = {
			isa = PBXGroup;
			children = (
				EDF931193E3C44D280B4F61C /* HCPPlugin.m */,
				EC28BF44A1EE414A9718481E /* HCPApplicationConfig.m */,
				CACBE76B8FD847F8B11EF124 /* HCPContentConfig.m */,
				D21FC45DDF054101A04E0B57 /* HCPContentManifest.m */,
				A84BB4872C864DAAB61D2199 /* HCPPluginInternalPreferences.m */,
				ADB7ECB69211494B85A23C21 /* HCPXmlConfig.m */,
				7B833513A8D4432C8D17B116 /* HCPXmlTags.m */,
				8D12DC1AFE2F45098D572ADE /* HCPXmlConfigParser.m */,
				CFB1B1924EBF4F95A5FBA759 /* HCPEvents.m */,
				72A8E5B4F1C24D04A1A86BE0 /* CDVPluginResult+HCPEvents.m */,
				65E408468C3C461C93A82E36 /* HCPFilesStructure.m */,
				9A101C888DD64A1C82F8E4CE /* HCPManifestDiff.m */,
				C71606C507F741DB8C06E13A /* HCPManifestFile.m */,
				1B660E0E6050407D9AD5A761 /* HCPFileDownloader.m */,
				C21C349E496C40A7B71B6981 /* HCPDataDownloader.m */,
				CECB802B3C034BFCAB2ABC7D /* HCPApplicationConfigStorage.m */,
				9B94D9EDEB4F4468BA8DD912 /* HCPConfigStorageImpl.m */,
				2FD4DA631685467FA7EA68D7 /* HCPContentManifestStorage.m */,
				A76025B5AA1E4C19AD4BD73E /* HCPPluginInternalPreferences+UserDefaults.m */,
				E2FE5CD631D4432FA99BA26E /* HCPFetchUpdateOptions.m */,
				4997D375A09945BBB18D22FA /* HCPInstallationWorker.m */,
				C3E0225783A346D58484303D /* HCPUpdateInstaller.m */,
				5B37B53112F44B49A38BDCBB /* HCPUpdateLoader.m */,
				366E6A3CCBBE48E1A61F1033 /* HCPUpdateLoaderWorker.m */,
				DA96C0F701C84916BBDE48A4 /* HCPUpdateRequest.m */,
				4F4725E181C941D5BC7204F7 /* HCPCleanupHelper.m */,
				79837D8CC3224622B354B677 /* NSBundle+HCPExtension.m */,
				5C472D596B0A46E49FB0B531 /* NSData+HCPMD5.m */,
				3CF850296C99447FA2129BF7 /* NSError+HCPExtension.m */,
				925F7A7546E042FB8C5C3D1B /* NSFileManager+HCPExtension.m */,
				33271A14A0CD4A73A1E1E165 /* NSJSONSerialization+HCPExtension.m */,
				CECA65883AEF4AE191D96959 /* HCPAppUpdateRequestAlertDialog.m */,
				EA8C3C6975E4417995EE12E4 /* HCPAssetsFolderHelper.m */,
				2CF57C138C7C4E92AD1C9E28 /* CDVWKWebViewEngine+HCPPlugin_ReadAccessURL.m */,
				9793965092CE42698389781C /* HCPPlugin.h */,
				6EF0FA3C417C431BBFA4D957 /* HCPApplicationConfig.h */,
				86A9E8751C9D460F91FD27EE /* HCPContentConfig.h */,
				0CE0AB3E6F4440879A91AA70 /* HCPContentManifest.h */,
				4AFE7A4268AD4DC8824AE98F /* HCPPluginInternalPreferences.h */,
				A289B38F200546C8A189F218 /* HCPXmlConfig.h */,
				2FFB83020B9E49248B19B42E /* HCPXmlTags.h */,
				107A4534BF894738859D51D8 /* HCPXmlConfigParser.h */,
				DAB1A31E2D104A2B85D11AFC /* HCPEvents.h */,
				7E09ECBD37714F93B1D086FD /* CDVPluginResult+HCPEvents.h */,
				5605C6BF578541C68824808D /* HCPFilesStructure.h */,
				1D8BF9809CC747A4B9998219 /* HCPJsonConvertable.h */,
				144F60DCE24D43F9AAACCE8E /* HCPManifestDiff.h */,
				FC21722F26504A48A5B36A0E /* HCPManifestFile.h */,
				FAF5EB379BCE4AED8B3CFE4F /* HCPFileDownloader.h */,
				8AA84D1FD02E47B2A615D35D /* HCPDataDownloader.h */,
				D5359FAA1596423595F59DCC /* HCPApplicationConfigStorage.h */,
				B5B006EA6D7C401E8B7953E5 /* HCPConfigFileStorage.h */,
				78D1154A503441F79D5B298C /* HCPConfigStorageImpl.h */,
				D800EDA3EAC5475A962A6EA1 /* HCPContentManifestStorage.h */,
				D2C71424868D4CD0BE1EAFF5 /* HCPPluginInternalPreferences+UserDefaults.h */,
				C40C8CD95B1F463CBF8BD93B /* HCPFetchUpdateOptions.h */,
				45B48ADC34F6464B84B7A7D6 /* HCPInstallationWorker.h */,
				EBAAC8063F6E4FDE8C286B02 /* HCPUpdateInstaller.h */,
				49F7F222479F494891C8236B /* HCPUpdateLoader.h */,
				EE5DD6F5B1CC421FB0A9E0B8 /* HCPUpdateLoaderWorker.h */,
				56392EE6CB89472EBF6EFBCC /* HCPUpdateRequest.h */,
				658E84CA1DD44AF38C3F70EE /* HCPWorker.h */,
				727E320065314097A19DC11C /* HCPCleanupHelper.h */,
				166E721E4C204B68B6235838 /* NSBundle+HCPExtension.h */,
				41F851F6DD564453AB00E26E /* NSData+HCPMD5.h */,
				5F7EF74B35D24EE2A58DA125 /* NSError+HCPExtension.h */,
				B0781E539FA24EB6BE934948 /* NSFileManager+HCPExtension.h */,
				22BAD93F59A14BF5BAAB64CE /* NSJSONSerialization+HCPExtension.h */,
				A8B4B15C5E17430592AB1EC6 /* HCPAppUpdateRequestAlertDialog.h */,
				462D5AD1E88C4258BEA7CA49 /* HCPAssetsFolderHelper.h */,
				E13292BAC91E410DA578DD2C /* CDVWKWebViewEngine+HCPPlugin_ReadAccessURL.h */,
				83BD094ED26349988475BCD3 /* UIImage+CropScaleOrientation.m */,
				1788E2906F4646C59FCECA1D /* CDVCamera.m */,
				0BE5D976CDF14A72983A2F51 /* CDVJpegHeaderWriter.m */,
				7EB9B386CE9C46378EBF3626 /* UIImage+CropScaleOrientation.h */,
				328F82D68DBE4636BE61314C /* CDVCamera.h */,
				C3B6867A06B0458B86C28EEE /* CDVJpegHeaderWriter.h */,
				B0950850FD3A44D58E7956D3 /* CDVExif.h */,
				CF2E5D6322C741448A270723 /* HCPLDPlugin.m */,
				9906C5D6BC2F4AED92279DD2 /* HCPLDOptions.m */,
				34D30B22547C435CA4860458 /* HCPLDXmlConfig.m */,
				EE99C572F7B9426F8FB5CEEA /* HCPLDXmlConfigParser.m */,
				03F685D89B744DB99193114B /* HCPLDXmlTags.m */,
				160D2E67815746B485AA4560 /* SocketAckEmitter.swift */,
				41DE138688B04BDFADF6C376 /* SocketAckManager.swift */,
				EA91E193AE044980AD32E3E9 /* SocketAnyEvent.swift */,
				4ACF904D65534B9B937781BF /* SocketClientManager.swift */,
				717BADE040BC4A6C9CD77B8F /* SocketEngine.swift */,
				C7F8D66545044748805BC5D4 /* SocketEngineClient.swift */,
				02A5A6E36C86470A8E0D6272 /* SocketEnginePacketType.swift */,
				3C5231FDA2BD4CD88451CEC0 /* SocketEnginePollable.swift */,
				B3CC92EBCF364DA59E60A729 /* SocketEngineSpec.swift */,
				27B4B1038D0B49D2AB7EF9B8 /* SocketEngineWebsocket.swift */,
				380B0DD21A274757A33A33E2 /* SocketEventHandler.swift */,
				38ECAC1356FD4276A134455F /* SocketExtensions.swift */,
				BF82025186F74552A7B70960 /* SocketIOClient.swift */,
				C412FBA0465A429884165E65 /* SocketIOClientConfiguration.swift */,
				5F657431CC214EFAAABC81B8 /* SocketIOClientOption.swift */,
				7BAAED80CAC5417E96D5E283 /* SocketIOClientSpec.swift */,
				76C6EB4F6AF9403FB1AC589A /* SocketIOClientStatus.swift */,
				C486909B7B6349B7B40CAF7A /* SocketLogger.swift */,
				4EE6CA29CC32459BB0864EAB /* SocketPacket.swift */,
				198A6222E9C84E0AB1FF13B9 /* SocketParsable.swift */,
				54B71BC9CEAC4CEE9650523B /* SocketStringReader.swift */,
				3BC6BC0DF0B84FCCAB8427A9 /* SocketTypes.swift */,
				A4B4C3D28B6F423FA9E0A504 /* SSLSecurity.swift */,
				BE5F9CE0E9404CAFA900030E /* WebSocket.swift */,
				AF627100DFB341E39137998D /* HCPLDPlugin.h */,
				A91654BD188B463F94415C5E /* HCPLDOptions.h */,
				72FE61086C1A4B1E8EAD1EFE /* HCPLDXmlConfig.h */,
				E3482C0FC2C74D77A952A20D /* HCPLDXmlConfigParser.h */,
				C7A001956B1849298670860B /* HCPLDXmlTags.h */,
			);
			name = Plugins;
			path = "HelloCordova/Plugins";
			sourceTree = SOURCE_ROOT;
		};
		EB87FDF11871DA420020F90C /* Staging */ = {
			isa = PBXGroup;
			children = (
				F840E1F0165FE0F500CFE078 /* config.xml */,
				301BF56E109A69640062928A /* www */,
			);
			name = Staging;
			sourceTree = "<group>";
		};
/* End PBXGroup section */

/* Begin PBXNativeTarget section */
		1D6058900D05DD3D006BFB54 /* HelloCordova */ = {
			isa = PBXNativeTarget;
			buildConfigurationList = 1D6058960D05DD3E006BFB54 /* Build configuration list for PBXNativeTarget "HelloCordova" */;
			buildPhases = (
				304B58A110DAC018002A0835 /* Copy www directory */,
				1D60588D0D05DD3D006BFB54 /* Resources */,
				1D60588E0D05DD3D006BFB54 /* Sources */,
				1D60588F0D05DD3D006BFB54 /* Frameworks */,
			);
			buildRules = (
			);
			dependencies = (
				301BF551109A68C00062928A /* PBXTargetDependency */,
			);
			name = "HelloCordova";
			productName = "HelloCordova";
			productReference = 1D6058910D05DD3D006BFB54 /* HelloCordova.app */;
			productType = "com.apple.product-type.application";
		};
/* End PBXNativeTarget section */

/* Begin PBXProject section */
		29B97313FDCFA39411CA2CEA /* Project object */ = {
			isa = PBXProject;
			attributes = {
				LastUpgradeCheck = 510;
			};
			buildConfigurationList = C01FCF4E08A954540054247B /* Build configuration list for PBXProject "__NON-CLI__" */;
			compatibilityVersion = "Xcode 3.2";
			developmentRegion = English;
			hasScannedForEncodings = 1;
			mainGroup = 29B97314FDCFA39411CA2CEA /* CustomTemplate */;
			projectDirPath = "";
			projectReferences = (
				{
					ProductGroup = 301BF52E109A57CC0062928A /* Products */;
					ProjectRef = 301BF52D109A57CC0062928A /* CordovaLib.xcodeproj */;
				},
			);
			projectRoot = "";
			targets = (
				1D6058900D05DD3D006BFB54 /* HelloCordova */,
			);
		};
/* End PBXProject section */

/* Begin PBXReferenceProxy section */
		301BF535109A57CC0062928A /* libCordova.a */ = {
			isa = PBXReferenceProxy;
			fileType = archive.ar;
			path = libCordova.a;
			remoteRef = 301BF534109A57CC0062928A /* PBXContainerItemProxy */;
			sourceTree = BUILT_PRODUCTS_DIR;
		};
/* End PBXReferenceProxy section */

/* Begin PBXResourcesBuildPhase section */
		1D60588D0D05DD3D006BFB54 /* Resources */ = {
			isa = PBXResourcesBuildPhase;
			buildActionMask = 2147483647;
			files = (
				302D95F214D2391D003F00A1 /* MainViewController.xib in Resources */,
				0207DA581B56EA530066E2B4 /* Images.xcassets in Resources */,
				6AFF5BF91D6E424B00AB3073 /* CDVLaunchScreen.storyboard in Resources */,
			);
			runOnlyForDeploymentPostprocessing = 0;
		};
/* End PBXResourcesBuildPhase section */

/* Begin PBXShellScriptBuildPhase section */
		304B58A110DAC018002A0835 /* Copy www directory */ = {
			isa = PBXShellScriptBuildPhase;
			buildActionMask = 2147483647;
			files = (
			);
			inputPaths = (
			);
			name = "Copy www directory";
			outputPaths = (
			);
			runOnlyForDeploymentPostprocessing = 0;
			shellPath = /bin/sh;
			shellScript = "NODEJS_PATH=/usr/local/bin; NVM_NODE_PATH=~/.nvm/versions/node/`nvm version 2>/dev/null`/bin; N_NODE_PATH=`find /usr/local/n/versions/node/* -maxdepth 0 -type d 2>/dev/null | tail -1`/bin; XCODE_NODE_PATH=`xcode-select --print-path`/usr/share/xcs/Node/bin; PATH=$NODEJS_PATH:$NVM_NODE_PATH:$N_NODE_PATH:$XCODE_NODE_PATH:$PATH && node cordova/lib/copy-www-build-step.js";
			showEnvVarsInLog = 0;
		};
/* End PBXShellScriptBuildPhase section */

/* Begin PBXSourcesBuildPhase section */
		1D60588E0D05DD3D006BFB54 /* Sources */ = {
			isa = PBXSourcesBuildPhase;
			buildActionMask = 2147483647;
			files = (
				1D60589B0D05DD56006BFB54 /* main.m in Sources */,
				1D3623260D0F684500981E51 /* AppDelegate.m in Sources */,
				302D95F114D2391D003F00A1 /* MainViewController.m in Sources */,
				6D95EDD63196444FAB4D8551 /* HCPPlugin.m in Sources */,
				C3868F8FFF8C4C6099BC77F4 /* HCPApplicationConfig.m in Sources */,
				3D9F76747F43472BBF31D7C0 /* HCPContentConfig.m in Sources */,
				91F115D6799149C8A5B66E7B /* HCPContentManifest.m in Sources */,
				40D88CA656944B789F68020C /* HCPPluginInternalPreferences.m in Sources */,
				7EAB54F6C851497E83DB00DD /* HCPXmlConfig.m in Sources */,
				8A5D2A0808F74ED29E50A180 /* HCPXmlTags.m in Sources */,
				801917888B3E4803A67422F0 /* HCPXmlConfigParser.m in Sources */,
				FA539A8D642C497683881B00 /* HCPEvents.m in Sources */,
				4E3DE233BF334594A16AD9EE /* CDVPluginResult+HCPEvents.m in Sources */,
				F2EC80E0D1444A1FBFE6E05F /* HCPFilesStructure.m in Sources */,
				910248C4E3EB40C595A94B8A /* HCPManifestDiff.m in Sources */,
				71F0CB70A856432F9BE87778 /* HCPManifestFile.m in Sources */,
				E514AE8EF3974D239CA59CCB /* HCPFileDownloader.m in Sources */,
				898C7093B3034944B02235FB /* HCPDataDownloader.m in Sources */,
				D207D9DFE36043F598B2383D /* HCPApplicationConfigStorage.m in Sources */,
				4D64F8155A084A0E981DAA23 /* HCPConfigStorageImpl.m in Sources */,
				9F458A7DDC6B4BB59FB1BFEC /* HCPContentManifestStorage.m in Sources */,
				B848906434D14ACCB167447E /* HCPPluginInternalPreferences+UserDefaults.m in Sources */,
				17C19C2C8B804FE8BA5E511F /* HCPFetchUpdateOptions.m in Sources */,
				CD0BAD5A4BC84C46BB6F4B97 /* HCPInstallationWorker.m in Sources */,
				7998577C4EE74B8EAE9847BE /* HCPUpdateInstaller.m in Sources */,
				FB9498A99A654E8C8840D404 /* HCPUpdateLoader.m in Sources */,
				F36013FA28D64826B2EC8FAF /* HCPUpdateLoaderWorker.m in Sources */,
				E95EE0F163CD41EEA1A84B2B /* HCPUpdateRequest.m in Sources */,
				82ADD29398684A998C6D7B86 /* HCPCleanupHelper.m in Sources */,
				54D5A8F306484496B3D7E5E9 /* NSBundle+HCPExtension.m in Sources */,
				14214A37823B41CBAC766697 /* NSData+HCPMD5.m in Sources */,
				0A2543B75A244D5087EE4DCA /* NSError+HCPExtension.m in Sources */,
				D0E8B6AEE80C468B8828BFD3 /* NSFileManager+HCPExtension.m in Sources */,
				33A3D596C0434A66974E2262 /* NSJSONSerialization+HCPExtension.m in Sources */,
				10CB623E01CD4A4BB0E87018 /* HCPAppUpdateRequestAlertDialog.m in Sources */,
				793A9658085747A79CE1C991 /* HCPAssetsFolderHelper.m in Sources */,
				88256CB6A6154037A303041E /* CDVWKWebViewEngine+HCPPlugin_ReadAccessURL.m in Sources */,
				BD90658C7DA945C680769FF4 /* UIImage+CropScaleOrientation.m in Sources */,
				0596AF9822864752831E4C6C /* CDVCamera.m in Sources */,
				377FCD8A68974E548787994D /* CDVJpegHeaderWriter.m in Sources */,
				4DB8FC15EE454DDFB61B1031 /* HCPLDPlugin.m in Sources */,
				27E9FBB2370D4ED9AA3F0251 /* HCPLDOptions.m in Sources */,
				FEF94AF2797C496BBD196994 /* HCPLDXmlConfig.m in Sources */,
				ADF1D4E7DE5448DCA600CBB7 /* HCPLDXmlConfigParser.m in Sources */,
				57647C05F7594B7D982A5590 /* HCPLDXmlTags.m in Sources */,
				7916697246DF4576BB74E3E8 /* SocketAckEmitter.swift in Sources */,
				B71253ED96084AC2B426D77F /* SocketAckManager.swift in Sources */,
				5D38F015DF0245FBBA324B95 /* SocketAnyEvent.swift in Sources */,
				BAA9FD0395B34E3C98735BC0 /* SocketClientManager.swift in Sources */,
				D3786B0184CD4E4AA57840A3 /* SocketEngine.swift in Sources */,
				1158065FD051491EA68069DA /* SocketEngineClient.swift in Sources */,
				654913B373444E70ACD0E9DD /* SocketEnginePacketType.swift in Sources */,
				1FFEFA0274394B5DACC60C82 /* SocketEnginePollable.swift in Sources */,
				B26E0EE588C44BB78E683A04 /* SocketEngineSpec.swift in Sources */,
				FD91280FC444477196245BF3 /* SocketEngineWebsocket.swift in Sources */,
				E178FF1CE49D442EBD509601 /* SocketEventHandler.swift in Sources */,
				2C53635545244D068E95B1C9 /* SocketExtensions.swift in Sources */,
				3FAA5220DAE94DCF85A87BB0 /* SocketIOClient.swift in Sources */,
				AB985EEEFCAB431BBB9FAA1B /* SocketIOClientConfiguration.swift in Sources */,
				E7FC9CF2FCDC40DAAAE776FC /* SocketIOClientOption.swift in Sources */,
				1EE718745C024FD19175B0E8 /* SocketIOClientSpec.swift in Sources */,
				4245AA6A9AFA43B089C407A7 /* SocketIOClientStatus.swift in Sources */,
				561F90E677534482A38F7AA3 /* SocketLogger.swift in Sources */,
				45AAE74741524BB5B9877660 /* SocketPacket.swift in Sources */,
				D16F6600CE4247B68A7BA7A9 /* SocketParsable.swift in Sources */,
				01D35EDA49C5464188C7E278 /* SocketStringReader.swift in Sources */,
				4C8CAB9FB1CD4D65A88B8A5E /* SocketTypes.swift in Sources */,
				41B09622311F4C7597E3349D /* SSLSecurity.swift in Sources */,
				14C2063B78DD490684843634 /* WebSocket.swift in Sources */,
			);
			runOnlyForDeploymentPostprocessing = 0;
		};
/* End PBXSourcesBuildPhase section */

/* Begin PBXTargetDependency section */
		301BF551109A68C00062928A /* PBXTargetDependency */ = {
			isa = PBXTargetDependency;
			name = CordovaLib;
			targetProxy = 301BF550109A68C00062928A /* PBXContainerItemProxy */;
		};
/* End PBXTargetDependency section */

/* Begin XCBuildConfiguration section */
		1D6058940D05DD3E006BFB54 /* Debug */ = {
			isa = XCBuildConfiguration;
			baseConfigurationReference = 3047A50F1AB8059700498E2A /* build-debug.xcconfig */;
			buildSettings = {
				ALWAYS_SEARCH_USER_PATHS = NO;
				ASSETCATALOG_COMPILER_APPICON_NAME = AppIcon;
				ASSETCATALOG_COMPILER_LAUNCHIMAGE_NAME = LaunchImage;
				CLANG_ENABLE_MODULES = YES;
				CLANG_ENABLE_OBJC_ARC = YES;
				COPY_PHASE_STRIP = NO;
				GCC_DYNAMIC_NO_PIC = NO;
				GCC_OPTIMIZATION_LEVEL = 0;
				GCC_PRECOMPILE_PREFIX_HEADER = YES;
				GCC_PREFIX_HEADER = "HelloCordova/HelloCordova-Prefix.pch";
				GCC_THUMB_SUPPORT = NO;
				GCC_VERSION = "";
				INFOPLIST_FILE = "HelloCordova/HelloCordova-Info.plist";
				IPHONEOS_DEPLOYMENT_TARGET = 9.0;
				LD_RUNPATH_SEARCH_PATHS = "@executable_path/Frameworks";
				TARGETED_DEVICE_FAMILY = "1,2";
				PRODUCT_NAME = "HelloCordova";
			};
			name = Debug;
		};
		1D6058950D05DD3E006BFB54 /* Release */ = {
			isa = XCBuildConfiguration;
			baseConfigurationReference = 3047A5101AB8059700498E2A /* build-release.xcconfig */;
			buildSettings = {
				ALWAYS_SEARCH_USER_PATHS = NO;
				ASSETCATALOG_COMPILER_APPICON_NAME = AppIcon;
				ASSETCATALOG_COMPILER_LAUNCHIMAGE_NAME = LaunchImage;
				CLANG_ENABLE_MODULES = YES;
				CLANG_ENABLE_OBJC_ARC = YES;
				COPY_PHASE_STRIP = YES;
				GCC_PRECOMPILE_PREFIX_HEADER = YES;
				GCC_PREFIX_HEADER = "HelloCordova/HelloCordova-Prefix.pch";
				GCC_THUMB_SUPPORT = NO;
				GCC_VERSION = "";
				INFOPLIST_FILE = "HelloCordova/HelloCordova-Info.plist";
				IPHONEOS_DEPLOYMENT_TARGET = 9.0;
				LD_RUNPATH_SEARCH_PATHS = "@executable_path/Frameworks";
				TARGETED_DEVICE_FAMILY = "1,2";
				PRODUCT_NAME = "HelloCordova";
			};
			name = Release;
		};
		C01FCF4F08A954540054247B /* Debug */ = {
			isa = XCBuildConfiguration;
			baseConfigurationReference = 3047A5111AB8059700498E2A /* build.xcconfig */;
			buildSettings = {
				CLANG_ENABLE_MODULES = YES;
				CLANG_ENABLE_OBJC_ARC = YES;
				CLANG_WARN_BOOL_CONVERSION = YES;
				CLANG_WARN_CONSTANT_CONVERSION = YES;
				CLANG_WARN_EMPTY_BODY = YES;
				CLANG_WARN_ENUM_CONVERSION = YES;
				CLANG_WARN_INT_CONVERSION = YES;
				CLANG_WARN__DUPLICATE_METHOD_MATCH = YES;
				GCC_C_LANGUAGE_STANDARD = c99;
				GCC_THUMB_SUPPORT = NO;
				GCC_VERSION = "";
				GCC_WARN_ABOUT_RETURN_TYPE = YES;
				GCC_WARN_UNDECLARED_SELECTOR = YES;
				GCC_WARN_UNINITIALIZED_AUTOS = YES;
				GCC_WARN_UNUSED_FUNCTION = YES;
				GCC_WARN_UNUSED_VARIABLE = YES;
				ONLY_ACTIVE_ARCH = YES;
				SDKROOT = iphoneos;
				SKIP_INSTALL = NO;
			};
			name = Debug;
		};
		C01FCF5008A954540054247B /* Release */ = {
			isa = XCBuildConfiguration;
			baseConfigurationReference = 3047A5111AB8059700498E2A /* build.xcconfig */;
			buildSettings = {
				CLANG_ENABLE_MODULES = YES;
				CLANG_ENABLE_OBJC_ARC = YES;
				CLANG_WARN_BOOL_CONVERSION = YES;
				CLANG_WARN_CONSTANT_CONVERSION = YES;
				CLANG_WARN_EMPTY_BODY = YES;
				CLANG_WARN_ENUM_CONVERSION = YES;
				CLANG_WARN_INT_CONVERSION = YES;
				CLANG_WARN__DUPLICATE_METHOD_MATCH = YES;
				GCC_C_LANGUAGE_STANDARD = c99;
				GCC_THUMB_SUPPORT = NO;
				GCC_VERSION = "";
				GCC_WARN_ABOUT_RETURN_TYPE = YES;
				GCC_WARN_UNDECLARED_SELECTOR = YES;
				GCC_WARN_UNINITIALIZED_AUTOS = YES;
				GCC_WARN_UNUSED_FUNCTION = YES;
				GCC_WARN_UNUSED_VARIABLE = YES;
				SDKROOT = iphoneos;
				SKIP_INSTALL = NO;
			};
			name = Release;
		};
/* End XCBuildConfiguration section */

/* Begin XCConfigurationList section */
		1D6058960D05DD3E006BFB54 /* Build configuration list for PBXNativeTarget "HelloCordova" */ = {
			isa = XCConfigurationList;
			buildConfigurations = (
				1D6058940D05DD3E006BFB54 /* Debug */,
				1D6058950D05DD3E006BFB54 /* Release */,
			);
			defaultConfigurationIsVisible = 0;
			defaultConfigurationName = Release;
		};
		C01FCF4E08A954540054247B /* Build configuration list for PBXProject "__NON-CLI__" */ = {
			isa = XCConfigurationList;
			buildConfigurations = (
				C01FCF4F08A954540054247B /* Debug */,
				C01FCF5008A954540054247B /* Release */,
			);
			defaultConfigurationIsVisible = 0;
			defaultConfigurationName = Release;
		};
/* End XCConfigurationList section */
	};
	rootObject = 29B97313FDCFA39411CA2CEA /* Project object */;
}
